PODS:
  - AFHTTPRequestOperationLogger (1.0.0):
    - AFNetworking (~> 1.0)
  - AFNetworking (1.3.4)
  - AFOAuth2Client (0.1.2):
    - AFNetworking (~> 1.3)
  - ALMoviePlayerController (0.3.0)
  - ApigeeiOSSDK (2.0.16)
  - APParallaxHeader (HEAD based on 0.1.6)
  - CocoaLumberjack (2.0.0-rc):
    - CocoaLumberjack/Default (= 2.0.0-rc)
    - CocoaLumberjack/Extensions (= 2.0.0-rc)
  - CocoaLumberjack/Core (2.0.0-rc)
  - CocoaLumberjack/Default (2.0.0-rc):
    - CocoaLumberjack/Core
  - CocoaLumberjack/Extensions (2.0.0-rc):
    - CocoaLumberjack/Default
  - Color-Picker-for-iOS (2.0)
  - ColorUtils (1.1.3)
  - FontAwesome+iOS (0.1.4)
  - jetfire (0.1.2)
  - MMDrawerController (0.5.7):
    - MMDrawerController/Core (= 0.5.7)
    - MMDrawerController/MMDrawerBarButtonItem (= 0.5.7)
    - MMDrawerController/MMDrawerVisualStates (= 0.5.7)
    - MMDrawerController/Subclass (= 0.5.7)
  - MMDrawerController/Core (0.5.7)
  - MMDrawerController/MMDrawerBarButtonItem (0.5.7):
    - MMDrawerController/Core
  - MMDrawerController/MMDrawerVisualStates (0.5.7):
    - MMDrawerController/Core
  - MMDrawerController/Subclass (0.5.7):
    - MMDrawerController/Core
  - RaptureXML (1.0.1)
  - Reachability (3.2)
  - RestKit (0.20.3):
    - RestKit/Core (= 0.20.3)
  - RestKit/Core (0.20.3):
    - RestKit/CoreData
    - RestKit/Network
    - RestKit/ObjectMapping
  - RestKit/CoreData (0.20.3)
  - RestKit/Network (0.20.3):
    - AFNetworking (~> 1.3.0)
    - RestKit/ObjectMapping
    - RestKit/Support
    - SOCKit
  - RestKit/ObjectMapping (0.20.3)
  - RestKit/Support (0.20.3):
    - TransitionKit (= 1.1.1)
  - SDWebImage (HEAD based on 3.7.1):
    - SDWebImage/Core (= HEAD based on 3.7.1)
  - SDWebImage/Core (HEAD based on 3.7.1)
  - SOCKit (1.1)
  - SVPulsingAnnotationView (0.3.0)
  - SVWebViewController (1.0)
  - TransitionKit (1.1.1)
  - TTTAttributedLabel (1.8.0)
  - YLMoment (0.2.0)
  - ZBarSDK (1.3.1)
  - ZipArchive (1.4.0)

DEPENDENCIES:
  - AFHTTPRequestOperationLogger (~> 1.0)
  - AFOAuth2Client (~> 0.1)
  - ALMoviePlayerController (~> 0.3.0)
  - ApigeeiOSSDK (from `https://github.com/apigee/apigee-ios-sdk.git`)
  - APParallaxHeader (HEAD)
  - CocoaLumberjack (= 2.0.0-rc)
  - Color-Picker-for-iOS (~> 2.0)
  - ColorUtils (~> 1.1.1)
  - FontAwesome+iOS (~> 0.1)
  - jetfire (~> 0.1)
  - MMDrawerController (~> 0.5.6)
  - RaptureXML (~> 1.0)
  - Reachability (~> 3.1)
  - RestKit (~> 0.20.0)
  - SDWebImage (HEAD)
  - SVPulsingAnnotationView (~> 0.3.0)
  - SVWebViewController (~> 1.0)
  - TTTAttributedLabel (from `https://github.com/jamztang/TTTAttributedLabel.git`, branch `longpresssupport`)
  - YLMoment (~> 0.2.0)
  - ZBarSDK (~> 1.3.1)
  - ZipArchive (~> 1.2)

EXTERNAL SOURCES:
  ApigeeiOSSDK:
    :git: https://github.com/apigee/apigee-ios-sdk.git
  TTTAttributedLabel:
    :branch: longpresssupport
    :git: https://github.com/jamztang/TTTAttributedLabel.git

CHECKOUT OPTIONS:
  ApigeeiOSSDK:
    :commit: 43798e479870fe0480579c33b3c0bf5e287e2d73
    :git: https://github.com/apigee/apigee-ios-sdk.git
  TTTAttributedLabel:
    :commit: 3562a15fdbac1cc556a7fca065f13b25b913192c
    :git: https://github.com/jamztang/TTTAttributedLabel.git

SPEC CHECKSUMS:
  AFHTTPRequestOperationLogger: 890afab1adb178314d33c4de9d2aa5a42cc594b9
  AFNetworking: 80c4e0652b08eb34e25b9c0ff3c82556fe5967b4
  AFOAuth2Client: 4f05d29e0a26c7ddf529dd7c4480af6ee1e982c6
  ALMoviePlayerController: bee05da71110002321ba4f87dc021e97348d7a6a
  ApigeeiOSSDK: 6e6cce5a6bdea21bac364cfc8c906c3b78d2fad0
  APParallaxHeader: 6e7cc27c052be34e1a5655dc2fab6c40eecbbe55
  CocoaLumberjack: 6186e27827fc574b50b16c10102fcc591437f06c
  Color-Picker-for-iOS: 2eec454aa6b24a8b7c2537da0f61c6ead936949e
  ColorUtils: d99b38d2a7abf81df1698477b19f895576578738
  FontAwesome+iOS: 816c20304edef4ca92835de669577005cbaaf261
  jetfire: b90ecf14bf066ade2e9ce4c83556edb4ef692161
  MMDrawerController: c3ab7a318ddc7e2bcd133139c3161af08c6e1197
  RaptureXML: b9b0aca9c68c684c189af73dd5e8f8fdeec74600
  Reachability: 1ef8adf5c4e3d362f96515d4278f68dad3c26930
  RestKit: 7f9490e709ee745e166c4d2aa7a8d132831275b0
  SDWebImage: 116e88633b5b416ea0ca4b334a4ac59cf72dd38d
  SOCKit: d8d0dd3688ae1026c12367570da8fa8e1a6980fb
  SVPulsingAnnotationView: 92364bec02160f481d1b603afc904183d385c3e6
  SVWebViewController: fbf917baa92744c54cfb89a52a4c056e409973a4
  TransitionKit: b573f93c422f6aedf7d40e93e7c2f202d1295063
  TTTAttributedLabel: 8e1144745e8c02875247d622454b116d62c8e12a
  YLMoment: 5b7c49abe2f05fefe748022d0e858c0aef753ac9
  ZBarSDK: 3ed560856963f765b66d834f464590bd6ba13b44
  ZipArchive: c0062c1241a22fa28bf67e5dcdbc068226378ea3

COCOAPODS: 0.36.0.rc.1
