// !$*UTF8*$!
{
	archiveVersion = 1;
	classes = {
	};
	objectVersion = 46;
	objects = {

/* Begin PBXBuildFile section */
		1312FD1A183710B900A20FF7 /* Security.framework in Frameworks */ = {isa = PBXBuildFile; fileRef = 1312FD19183710B900A20FF7 /* Security.framework */; };
		1312FD1C183710C200A20FF7 /* CoreData.framework in Frameworks */ = {isa = PBXBuildFile; fileRef = 1312FD1B183710C200A20FF7 /* CoreData.framework */; };
		1312FD1E1837112100A20FF7 /* CFNetwork.framework in Frameworks */ = {isa = PBXBuildFile; fileRef = 1312FD1D1837112100A20FF7 /* CFNetwork.framework */; };
		1312FDD1183713F000A20FF7 /* MobileCoreServices.framework in Frameworks */ = {isa = PBXBuildFile; fileRef = 1312FDD0183713F000A20FF7 /* MobileCoreServices.framework */; };
		1312FDE4183715DD00A20FF7 /* SystemConfiguration.framework in Frameworks */ = {isa = PBXBuildFile; fileRef = 1312FDE3183715DD00A20FF7 /* SystemConfiguration.framework */; };
		1312FE18183842FF00A20FF7 /* MessageUI.framework in Frameworks */ = {isa = PBXBuildFile; fileRef = 1312FE17183842FF00A20FF7 /* MessageUI.framework */; };
		1312FE201838468800A20FF7 /* Social.framework in Frameworks */ = {isa = PBXBuildFile; fileRef = 1312FE1F1838468800A20FF7 /* Social.framework */; };
		131591DB18396A800046B16D /* AVFoundation.framework in Frameworks */ = {isa = PBXBuildFile; fileRef = 131591DA18396A800046B16D /* AVFoundation.framework */; };
		131591E118396A960046B16D /* CoreMedia.framework in Frameworks */ = {isa = PBXBuildFile; fileRef = 131591DF18396A960046B16D /* CoreMedia.framework */; };
		131591E218396A960046B16D /* CoreVideo.framework in Frameworks */ = {isa = PBXBuildFile; fileRef = 131591E018396A960046B16D /* CoreVideo.framework */; };
		131591EB18396B3E0046B16D /* libiconv.dylib in Frameworks */ = {isa = PBXBuildFile; fileRef = 131591EA18396B3E0046B16D /* libiconv.dylib */; };
		136928E01835FC6F00E28BBC /* MapKit.framework in Frameworks */ = {isa = PBXBuildFile; fileRef = 136928DF1835FC6F00E28BBC /* MapKit.framework */; };
		136928E21835FC7A00E28BBC /* CoreLocation.framework in Frameworks */ = {isa = PBXBuildFile; fileRef = 136928E11835FC7A00E28BBC /* CoreLocation.framework */; };
		136928F11836108300E28BBC /* QuartzCore.framework in Frameworks */ = {isa = PBXBuildFile; fileRef = 136928F01836108300E28BBC /* QuartzCore.framework */; };
		13BF0467183EBE7E00894760 /* Ignite_iOS_Engine-Info.plist in Resources */ = {isa = PBXBuildFile; fileRef = 13BF0463183EBE7E00894760 /* Ignite_iOS_Engine-Info.plist */; };
		13BF0468183EBE7E00894760 /* Images.xcassets in Resources */ = {isa = PBXBuildFile; fileRef = 13BF0465183EBE7E00894760 /* Images.xcassets */; };
		13BF0469183EBE7E00894760 /* main.m in Sources */ = {isa = PBXBuildFile; fileRef = 13BF0466183EBE7E00894760 /* main.m */; };
		13D4BECA183EC78700D46004 /* IxAppDelegate.m in Sources */ = {isa = PBXBuildFile; fileRef = 13D4BE59183EC78700D46004 /* IxAppDelegate.m */; };
		13D4BECB183EC78700D46004 /* IxAppManager.m in Sources */ = {isa = PBXBuildFile; fileRef = 13D4BE5B183EC78700D46004 /* IxAppManager.m */; };
		13D4BECC183EC78700D46004 /* IxConstants.m in Sources */ = {isa = PBXBuildFile; fileRef = 13D4BE5D183EC78700D46004 /* IxConstants.m */; };
		13D4BECD183EC78700D46004 /* IxJSONParser.m in Sources */ = {isa = PBXBuildFile; fileRef = 13D4BE60183EC78700D46004 /* IxJSONParser.m */; };
		13D4BECE183EC78700D46004 /* IxActionContainer.m in Sources */ = {isa = PBXBuildFile; fileRef = 13D4BE65183EC78700D46004 /* IxActionContainer.m */; };
		13D4BECF183EC78700D46004 /* IxAlertAction.m in Sources */ = {isa = PBXBuildFile; fileRef = 13D4BE67183EC78700D46004 /* IxAlertAction.m */; };
		13D4BED0183EC78700D46004 /* IxBaseAction.m in Sources */ = {isa = PBXBuildFile; fileRef = 13D4BE69183EC78700D46004 /* IxBaseAction.m */; };
		13D4BED1183EC78700D46004 /* IxFunctionAction.m in Sources */ = {isa = PBXBuildFile; fileRef = 13D4BE6B183EC78700D46004 /* IxFunctionAction.m */; };
		13D4BED2183EC78700D46004 /* IxModifyAction.m in Sources */ = {isa = PBXBuildFile; fileRef = 13D4BE6D183EC78700D46004 /* IxModifyAction.m */; };
		13D4BED3183EC78700D46004 /* IxBaseConditionalObject.m in Sources */ = {isa = PBXBuildFile; fileRef = 13D4BE70183EC78700D46004 /* IxBaseConditionalObject.m */; };
		13D4BED4183EC78700D46004 /* IxBaseObject.m in Sources */ = {isa = PBXBuildFile; fileRef = 13D4BE72183EC78700D46004 /* IxBaseObject.m */; };
		13D4BED7183EC78700D46004 /* IxActivityIndicator.m in Sources */ = {isa = PBXBuildFile; fileRef = 13D4BE79183EC78700D46004 /* IxActivityIndicator.m */; };
		13D4BED8183EC78700D46004 /* IxBaseControl.m in Sources */ = {isa = PBXBuildFile; fileRef = 13D4BE7B183EC78700D46004 /* IxBaseControl.m */; };
		13D4BED9183EC78700D46004 /* IxBrowser.m in Sources */ = {isa = PBXBuildFile; fileRef = 13D4BE7D183EC78700D46004 /* IxBrowser.m */; };
		13D4BEDA183EC78700D46004 /* IxImage.m in Sources */ = {isa = PBXBuildFile; fileRef = 13D4BE7F183EC78700D46004 /* IxImage.m */; };
		13D4BEDB183EC78700D46004 /* IxLayout.m in Sources */ = {isa = PBXBuildFile; fileRef = 13D4BE81183EC78700D46004 /* IxLayout.m */; };
		13D4BEDC183EC78700D46004 /* IxMap.m in Sources */ = {isa = PBXBuildFile; fileRef = 13D4BE83183EC78700D46004 /* IxMap.m */; };
		13D4BEDD183EC78700D46004 /* IxMediaPlayer.m in Sources */ = {isa = PBXBuildFile; fileRef = 13D4BE85183EC78700D46004 /* IxMediaPlayer.m */; };
		13D4BEDE183EC78700D46004 /* IxMediaSource.m in Sources */ = {isa = PBXBuildFile; fileRef = 13D4BE87183EC78700D46004 /* IxMediaSource.m */; };
		13D4BEDF183EC78700D46004 /* IxMessage.m in Sources */ = {isa = PBXBuildFile; fileRef = 13D4BE89183EC78700D46004 /* IxMessage.m */; };
		13D4BEE0183EC78700D46004 /* IxPanel.m in Sources */ = {isa = PBXBuildFile; fileRef = 13D4BE8B183EC78700D46004 /* IxPanel.m */; };
		13D4BEE1183EC78700D46004 /* IxScanner.m in Sources */ = {isa = PBXBuildFile; fileRef = 13D4BE8D183EC78700D46004 /* IxScanner.m */; };
		13D4BEE2183EC78700D46004 /* IxSocial.m in Sources */ = {isa = PBXBuildFile; fileRef = 13D4BE8F183EC78700D46004 /* IxSocial.m */; };
		13D4BEE3183EC78700D46004 /* IxTableView.m in Sources */ = {isa = PBXBuildFile; fileRef = 13D4BE91183EC78700D46004 /* IxTableView.m */; };
		13D4BEE4183EC78700D46004 /* IxText.m in Sources */ = {isa = PBXBuildFile; fileRef = 13D4BE93183EC78700D46004 /* IxText.m */; };
		13D4BEE5183EC78700D46004 /* IxTextHighlighter.m in Sources */ = {isa = PBXBuildFile; fileRef = 13D4BE95183EC78700D46004 /* IxTextHighlighter.m */; };
		13D4BEE6183EC78700D46004 /* IxTextInput.m in Sources */ = {isa = PBXBuildFile; fileRef = 13D4BE97183EC78700D46004 /* IxTextInput.m */; };
		13D4BEE7183EC78700D46004 /* IxToggle.m in Sources */ = {isa = PBXBuildFile; fileRef = 13D4BE99183EC78700D46004 /* IxToggle.m */; };
		13D4BEEA183EC78700D46004 /* IxBaseDataprovider.m in Sources */ = {isa = PBXBuildFile; fileRef = 13D4BEA0183EC78700D46004 /* IxBaseDataprovider.m */; };
		13D4BEEB183EC78700D46004 /* IxEntityContainer.m in Sources */ = {isa = PBXBuildFile; fileRef = 13D4BEA2183EC78700D46004 /* IxEntityContainer.m */; };
		13D4BEEC183EC78700D46004 /* IxSandbox.m in Sources */ = {isa = PBXBuildFile; fileRef = 13D4BEA4183EC78700D46004 /* IxSandbox.m */; };
		13D4BEED183EC78700D46004 /* IxProperty.m in Sources */ = {isa = PBXBuildFile; fileRef = 13D4BEA7183EC78700D46004 /* IxProperty.m */; };
		13D4BEEE183EC78700D46004 /* IxPropertyContainer.m in Sources */ = {isa = PBXBuildFile; fileRef = 13D4BEA9183EC78700D46004 /* IxPropertyContainer.m */; };
		13D4BEEF183EC78700D46004 /* IxPropertyParser.m in Sources */ = {isa = PBXBuildFile; fileRef = 13D4BEAB183EC78700D46004 /* IxPropertyParser.m */; };
		13D4BEF0183EC78700D46004 /* IxAppShortCode.m in Sources */ = {isa = PBXBuildFile; fileRef = 13D4BEAE183EC78700D46004 /* IxAppShortCode.m */; };
		13D4BEF1183EC78700D46004 /* IxBaseShortCode.m in Sources */ = {isa = PBXBuildFile; fileRef = 13D4BEB0183EC78700D46004 /* IxBaseShortCode.m */; };
		13D4BEF2183EC78700D46004 /* IxControlLayoutInfo.m in Sources */ = {isa = PBXBuildFile; fileRef = 13D4BEB3183EC78700D46004 /* IxControlLayoutInfo.m */; };
		13D4BEF3183EC78700D46004 /* IxLayoutEngine.m in Sources */ = {isa = PBXBuildFile; fileRef = 13D4BEB5183EC78700D46004 /* IxLayoutEngine.m */; };
		13D4BEF4183EC78700D46004 /* TTTAttributedLabel.m in Sources */ = {isa = PBXBuildFile; fileRef = 13D4BEB9183EC78700D46004 /* TTTAttributedLabel.m */; };
		13D4BEF5183EC78700D46004 /* IxClickableScrollView.m in Sources */ = {isa = PBXBuildFile; fileRef = 13D4BEBC183EC78700D46004 /* IxClickableScrollView.m */; };
		13D4BEF6183EC78700D46004 /* IxControlContentView.m in Sources */ = {isa = PBXBuildFile; fileRef = 13D4BEBE183EC78700D46004 /* IxControlContentView.m */; };
		13D4BEF7183EC78700D46004 /* IxNavigationViewController.m in Sources */ = {isa = PBXBuildFile; fileRef = 13D4BEC0183EC78700D46004 /* IxNavigationViewController.m */; };
		13D4BEF8183EC78700D46004 /* IxViewController.m in Sources */ = {isa = PBXBuildFile; fileRef = 13D4BEC2183EC78700D46004 /* IxViewController.m */; };
		13ECEA5F183EBF39004BC638 /* assets in Resources */ = {isa = PBXBuildFile; fileRef = 13ECEA5E183EBF38004BC638 /* assets */; };
		6324BF501835931C00748F27 /* Foundation.framework in Frameworks */ = {isa = PBXBuildFile; fileRef = 6324BF4F1835931C00748F27 /* Foundation.framework */; };
		6324BF521835931C00748F27 /* CoreGraphics.framework in Frameworks */ = {isa = PBXBuildFile; fileRef = 6324BF511835931C00748F27 /* CoreGraphics.framework */; };
		6324BF541835931C00748F27 /* UIKit.framework in Frameworks */ = {isa = PBXBuildFile; fileRef = 6324BF531835931C00748F27 /* UIKit.framework */; };
		DC33DC76CDF64EE8A8AD7118 /* libPods.a in Frameworks */ = {isa = PBXBuildFile; fileRef = 05D522CE73164D978B4CF70F /* libPods.a */; };
/* End PBXBuildFile section */

/* Begin PBXFileReference section */
		05D522CE73164D978B4CF70F /* libPods.a */ = {isa = PBXFileReference; explicitFileType = archive.ar; includeInIndex = 0; path = libPods.a; sourceTree = BUILT_PRODUCTS_DIR; };
		1312FD19183710B900A20FF7 /* Security.framework */ = {isa = PBXFileReference; lastKnownFileType = wrapper.framework; name = Security.framework; path = System/Library/Frameworks/Security.framework; sourceTree = SDKROOT; };
		1312FD1B183710C200A20FF7 /* CoreData.framework */ = {isa = PBXFileReference; lastKnownFileType = wrapper.framework; name = CoreData.framework; path = System/Library/Frameworks/CoreData.framework; sourceTree = SDKROOT; };
		1312FD1D1837112100A20FF7 /* CFNetwork.framework */ = {isa = PBXFileReference; lastKnownFileType = wrapper.framework; name = CFNetwork.framework; path = System/Library/Frameworks/CFNetwork.framework; sourceTree = SDKROOT; };
		1312FDD0183713F000A20FF7 /* MobileCoreServices.framework */ = {isa = PBXFileReference; lastKnownFileType = wrapper.framework; name = MobileCoreServices.framework; path = System/Library/Frameworks/MobileCoreServices.framework; sourceTree = SDKROOT; };
		1312FDE3183715DD00A20FF7 /* SystemConfiguration.framework */ = {isa = PBXFileReference; lastKnownFileType = wrapper.framework; name = SystemConfiguration.framework; path = System/Library/Frameworks/SystemConfiguration.framework; sourceTree = SDKROOT; };
		1312FE17183842FF00A20FF7 /* MessageUI.framework */ = {isa = PBXFileReference; lastKnownFileType = wrapper.framework; name = MessageUI.framework; path = System/Library/Frameworks/MessageUI.framework; sourceTree = SDKROOT; };
		1312FE1F1838468800A20FF7 /* Social.framework */ = {isa = PBXFileReference; lastKnownFileType = wrapper.framework; name = Social.framework; path = System/Library/Frameworks/Social.framework; sourceTree = SDKROOT; };
		131591DA18396A800046B16D /* AVFoundation.framework */ = {isa = PBXFileReference; lastKnownFileType = wrapper.framework; name = AVFoundation.framework; path = System/Library/Frameworks/AVFoundation.framework; sourceTree = SDKROOT; };
		131591DF18396A960046B16D /* CoreMedia.framework */ = {isa = PBXFileReference; lastKnownFileType = wrapper.framework; name = CoreMedia.framework; path = System/Library/Frameworks/CoreMedia.framework; sourceTree = SDKROOT; };
		131591E018396A960046B16D /* CoreVideo.framework */ = {isa = PBXFileReference; lastKnownFileType = wrapper.framework; name = CoreVideo.framework; path = System/Library/Frameworks/CoreVideo.framework; sourceTree = SDKROOT; };
		131591EA18396B3E0046B16D /* libiconv.dylib */ = {isa = PBXFileReference; lastKnownFileType = "compiled.mach-o.dylib"; name = libiconv.dylib; path = usr/lib/libiconv.dylib; sourceTree = SDKROOT; };
		136928DF1835FC6F00E28BBC /* MapKit.framework */ = {isa = PBXFileReference; lastKnownFileType = wrapper.framework; name = MapKit.framework; path = System/Library/Frameworks/MapKit.framework; sourceTree = SDKROOT; };
		136928E11835FC7A00E28BBC /* CoreLocation.framework */ = {isa = PBXFileReference; lastKnownFileType = wrapper.framework; name = CoreLocation.framework; path = System/Library/Frameworks/CoreLocation.framework; sourceTree = SDKROOT; };
		136928F01836108300E28BBC /* QuartzCore.framework */ = {isa = PBXFileReference; lastKnownFileType = wrapper.framework; name = QuartzCore.framework; path = System/Library/Frameworks/QuartzCore.framework; sourceTree = SDKROOT; };
		13BF0463183EBE7E00894760 /* Ignite_iOS_Engine-Info.plist */ = {isa = PBXFileReference; fileEncoding = 4; lastKnownFileType = text.plist.xml; name = "Ignite_iOS_Engine-Info.plist"; path = "Ignite_iOS_Engine/Ignite_iOS_Engine-Info.plist"; sourceTree = SOURCE_ROOT; };
		13BF0464183EBE7E00894760 /* Ignite_iOS_Engine-Prefix.pch */ = {isa = PBXFileReference; fileEncoding = 4; lastKnownFileType = sourcecode.c.h; name = "Ignite_iOS_Engine-Prefix.pch"; path = "Ignite_iOS_Engine/Ignite_iOS_Engine-Prefix.pch"; sourceTree = SOURCE_ROOT; };
		13BF0465183EBE7E00894760 /* Images.xcassets */ = {isa = PBXFileReference; lastKnownFileType = folder.assetcatalog; name = Images.xcassets; path = Ignite_iOS_Engine/Images.xcassets; sourceTree = SOURCE_ROOT; };
		13BF0466183EBE7E00894760 /* main.m */ = {isa = PBXFileReference; fileEncoding = 4; lastKnownFileType = sourcecode.c.objc; name = main.m; path = Ignite_iOS_Engine/main.m; sourceTree = SOURCE_ROOT; };
		13D4BE58183EC78700D46004 /* IxAppDelegate.h */ = {isa = PBXFileReference; fileEncoding = 4; lastKnownFileType = sourcecode.c.h; path = IxAppDelegate.h; sourceTree = "<group>"; };
		13D4BE59183EC78700D46004 /* IxAppDelegate.m */ = {isa = PBXFileReference; fileEncoding = 4; lastKnownFileType = sourcecode.c.objc; path = IxAppDelegate.m; sourceTree = "<group>"; };
		13D4BE5A183EC78700D46004 /* IxAppManager.h */ = {isa = PBXFileReference; fileEncoding = 4; lastKnownFileType = sourcecode.c.h; path = IxAppManager.h; sourceTree = "<group>"; };
		13D4BE5B183EC78700D46004 /* IxAppManager.m */ = {isa = PBXFileReference; fileEncoding = 4; lastKnownFileType = sourcecode.c.objc; path = IxAppManager.m; sourceTree = "<group>"; };
		13D4BE5C183EC78700D46004 /* IxConstants.h */ = {isa = PBXFileReference; fileEncoding = 4; lastKnownFileType = sourcecode.c.h; path = IxConstants.h; sourceTree = "<group>"; };
		13D4BE5D183EC78700D46004 /* IxConstants.m */ = {isa = PBXFileReference; fileEncoding = 4; lastKnownFileType = sourcecode.c.objc; path = IxConstants.m; sourceTree = "<group>"; };
		13D4BE5E183EC78700D46004 /* IxEnums.h */ = {isa = PBXFileReference; fileEncoding = 4; lastKnownFileType = sourcecode.c.h; path = IxEnums.h; sourceTree = "<group>"; };
		13D4BE5F183EC78700D46004 /* IxJSONParser.h */ = {isa = PBXFileReference; fileEncoding = 4; lastKnownFileType = sourcecode.c.h; path = IxJSONParser.h; sourceTree = "<group>"; };
		13D4BE60183EC78700D46004 /* IxJSONParser.m */ = {isa = PBXFileReference; fileEncoding = 4; lastKnownFileType = sourcecode.c.objc; path = IxJSONParser.m; sourceTree = "<group>"; };
		13D4BE61183EC78700D46004 /* IxStructs.h */ = {isa = PBXFileReference; fileEncoding = 4; lastKnownFileType = sourcecode.c.h; path = IxStructs.h; sourceTree = "<group>"; };
		13D4BE64183EC78700D46004 /* IxActionContainer.h */ = {isa = PBXFileReference; fileEncoding = 4; lastKnownFileType = sourcecode.c.h; path = IxActionContainer.h; sourceTree = "<group>"; };
		13D4BE65183EC78700D46004 /* IxActionContainer.m */ = {isa = PBXFileReference; fileEncoding = 4; lastKnownFileType = sourcecode.c.objc; path = IxActionContainer.m; sourceTree = "<group>"; };
		13D4BE66183EC78700D46004 /* IxAlertAction.h */ = {isa = PBXFileReference; fileEncoding = 4; lastKnownFileType = sourcecode.c.h; path = IxAlertAction.h; sourceTree = "<group>"; };
		13D4BE67183EC78700D46004 /* IxAlertAction.m */ = {isa = PBXFileReference; fileEncoding = 4; lastKnownFileType = sourcecode.c.objc; path = IxAlertAction.m; sourceTree = "<group>"; };
		13D4BE68183EC78700D46004 /* IxBaseAction.h */ = {isa = PBXFileReference; fileEncoding = 4; lastKnownFileType = sourcecode.c.h; path = IxBaseAction.h; sourceTree = "<group>"; };
		13D4BE69183EC78700D46004 /* IxBaseAction.m */ = {isa = PBXFileReference; fileEncoding = 4; lastKnownFileType = sourcecode.c.objc; path = IxBaseAction.m; sourceTree = "<group>"; };
		13D4BE6A183EC78700D46004 /* IxFunctionAction.h */ = {isa = PBXFileReference; fileEncoding = 4; lastKnownFileType = sourcecode.c.h; path = IxFunctionAction.h; sourceTree = "<group>"; };
		13D4BE6B183EC78700D46004 /* IxFunctionAction.m */ = {isa = PBXFileReference; fileEncoding = 4; lastKnownFileType = sourcecode.c.objc; path = IxFunctionAction.m; sourceTree = "<group>"; };
		13D4BE6C183EC78700D46004 /* IxModifyAction.h */ = {isa = PBXFileReference; fileEncoding = 4; lastKnownFileType = sourcecode.c.h; path = IxModifyAction.h; sourceTree = "<group>"; };
		13D4BE6D183EC78700D46004 /* IxModifyAction.m */ = {isa = PBXFileReference; fileEncoding = 4; lastKnownFileType = sourcecode.c.objc; path = IxModifyAction.m; sourceTree = "<group>"; };
		13D4BE6F183EC78700D46004 /* IxBaseConditionalObject.h */ = {isa = PBXFileReference; fileEncoding = 4; lastKnownFileType = sourcecode.c.h; path = IxBaseConditionalObject.h; sourceTree = "<group>"; };
		13D4BE70183EC78700D46004 /* IxBaseConditionalObject.m */ = {isa = PBXFileReference; fileEncoding = 4; lastKnownFileType = sourcecode.c.objc; path = IxBaseConditionalObject.m; sourceTree = "<group>"; };
		13D4BE71183EC78700D46004 /* IxBaseObject.h */ = {isa = PBXFileReference; fileEncoding = 4; lastKnownFileType = sourcecode.c.h; path = IxBaseObject.h; sourceTree = "<group>"; };
		13D4BE72183EC78700D46004 /* IxBaseObject.m */ = {isa = PBXFileReference; fileEncoding = 4; lastKnownFileType = sourcecode.c.objc; path = IxBaseObject.m; sourceTree = "<group>"; };
		13D4BE78183EC78700D46004 /* IxActivityIndicator.h */ = {isa = PBXFileReference; fileEncoding = 4; lastKnownFileType = sourcecode.c.h; path = IxActivityIndicator.h; sourceTree = "<group>"; };
		13D4BE79183EC78700D46004 /* IxActivityIndicator.m */ = {isa = PBXFileReference; fileEncoding = 4; lastKnownFileType = sourcecode.c.objc; path = IxActivityIndicator.m; sourceTree = "<group>"; };
		13D4BE7A183EC78700D46004 /* IxBaseControl.h */ = {isa = PBXFileReference; fileEncoding = 4; lastKnownFileType = sourcecode.c.h; path = IxBaseControl.h; sourceTree = "<group>"; };
		13D4BE7B183EC78700D46004 /* IxBaseControl.m */ = {isa = PBXFileReference; fileEncoding = 4; lastKnownFileType = sourcecode.c.objc; path = IxBaseControl.m; sourceTree = "<group>"; };
		13D4BE7C183EC78700D46004 /* IxBrowser.h */ = {isa = PBXFileReference; fileEncoding = 4; lastKnownFileType = sourcecode.c.h; path = IxBrowser.h; sourceTree = "<group>"; };
		13D4BE7D183EC78700D46004 /* IxBrowser.m */ = {isa = PBXFileReference; fileEncoding = 4; lastKnownFileType = sourcecode.c.objc; path = IxBrowser.m; sourceTree = "<group>"; };
		13D4BE7E183EC78700D46004 /* IxImage.h */ = {isa = PBXFileReference; fileEncoding = 4; lastKnownFileType = sourcecode.c.h; path = IxImage.h; sourceTree = "<group>"; };
		13D4BE7F183EC78700D46004 /* IxImage.m */ = {isa = PBXFileReference; fileEncoding = 4; lastKnownFileType = sourcecode.c.objc; path = IxImage.m; sourceTree = "<group>"; };
		13D4BE80183EC78700D46004 /* IxLayout.h */ = {isa = PBXFileReference; fileEncoding = 4; lastKnownFileType = sourcecode.c.h; path = IxLayout.h; sourceTree = "<group>"; };
		13D4BE81183EC78700D46004 /* IxLayout.m */ = {isa = PBXFileReference; fileEncoding = 4; lastKnownFileType = sourcecode.c.objc; path = IxLayout.m; sourceTree = "<group>"; };
		13D4BE82183EC78700D46004 /* IxMap.h */ = {isa = PBXFileReference; fileEncoding = 4; lastKnownFileType = sourcecode.c.h; path = IxMap.h; sourceTree = "<group>"; };
		13D4BE83183EC78700D46004 /* IxMap.m */ = {isa = PBXFileReference; fileEncoding = 4; lastKnownFileType = sourcecode.c.objc; path = IxMap.m; sourceTree = "<group>"; };
		13D4BE84183EC78700D46004 /* IxMediaPlayer.h */ = {isa = PBXFileReference; fileEncoding = 4; lastKnownFileType = sourcecode.c.h; path = IxMediaPlayer.h; sourceTree = "<group>"; };
		13D4BE85183EC78700D46004 /* IxMediaPlayer.m */ = {isa = PBXFileReference; fileEncoding = 4; lastKnownFileType = sourcecode.c.objc; path = IxMediaPlayer.m; sourceTree = "<group>"; };
		13D4BE86183EC78700D46004 /* IxMediaSource.h */ = {isa = PBXFileReference; fileEncoding = 4; lastKnownFileType = sourcecode.c.h; path = IxMediaSource.h; sourceTree = "<group>"; };
		13D4BE87183EC78700D46004 /* IxMediaSource.m */ = {isa = PBXFileReference; fileEncoding = 4; lastKnownFileType = sourcecode.c.objc; path = IxMediaSource.m; sourceTree = "<group>"; };
		13D4BE88183EC78700D46004 /* IxMessage.h */ = {isa = PBXFileReference; fileEncoding = 4; lastKnownFileType = sourcecode.c.h; path = IxMessage.h; sourceTree = "<group>"; };
		13D4BE89183EC78700D46004 /* IxMessage.m */ = {isa = PBXFileReference; fileEncoding = 4; lastKnownFileType = sourcecode.c.objc; path = IxMessage.m; sourceTree = "<group>"; };
		13D4BE8A183EC78700D46004 /* IxPanel.h */ = {isa = PBXFileReference; fileEncoding = 4; lastKnownFileType = sourcecode.c.h; path = IxPanel.h; sourceTree = "<group>"; };
		13D4BE8B183EC78700D46004 /* IxPanel.m */ = {isa = PBXFileReference; fileEncoding = 4; lastKnownFileType = sourcecode.c.objc; path = IxPanel.m; sourceTree = "<group>"; };
		13D4BE8C183EC78700D46004 /* IxScanner.h */ = {isa = PBXFileReference; fileEncoding = 4; lastKnownFileType = sourcecode.c.h; path = IxScanner.h; sourceTree = "<group>"; };
		13D4BE8D183EC78700D46004 /* IxScanner.m */ = {isa = PBXFileReference; fileEncoding = 4; lastKnownFileType = sourcecode.c.objc; path = IxScanner.m; sourceTree = "<group>"; };
		13D4BE8E183EC78700D46004 /* IxSocial.h */ = {isa = PBXFileReference; fileEncoding = 4; lastKnownFileType = sourcecode.c.h; path = IxSocial.h; sourceTree = "<group>"; };
		13D4BE8F183EC78700D46004 /* IxSocial.m */ = {isa = PBXFileReference; fileEncoding = 4; lastKnownFileType = sourcecode.c.objc; path = IxSocial.m; sourceTree = "<group>"; };
		13D4BE90183EC78700D46004 /* IxTableView.h */ = {isa = PBXFileReference; fileEncoding = 4; lastKnownFileType = sourcecode.c.h; path = IxTableView.h; sourceTree = "<group>"; };
		13D4BE91183EC78700D46004 /* IxTableView.m */ = {isa = PBXFileReference; fileEncoding = 4; lastKnownFileType = sourcecode.c.objc; path = IxTableView.m; sourceTree = "<group>"; };
		13D4BE92183EC78700D46004 /* IxText.h */ = {isa = PBXFileReference; fileEncoding = 4; lastKnownFileType = sourcecode.c.h; path = IxText.h; sourceTree = "<group>"; };
		13D4BE93183EC78700D46004 /* IxText.m */ = {isa = PBXFileReference; fileEncoding = 4; lastKnownFileType = sourcecode.c.objc; path = IxText.m; sourceTree = "<group>"; };
		13D4BE94183EC78700D46004 /* IxTextHighlighter.h */ = {isa = PBXFileReference; fileEncoding = 4; lastKnownFileType = sourcecode.c.h; path = IxTextHighlighter.h; sourceTree = "<group>"; };
		13D4BE95183EC78700D46004 /* IxTextHighlighter.m */ = {isa = PBXFileReference; fileEncoding = 4; lastKnownFileType = sourcecode.c.objc; path = IxTextHighlighter.m; sourceTree = "<group>"; };
		13D4BE96183EC78700D46004 /* IxTextInput.h */ = {isa = PBXFileReference; fileEncoding = 4; lastKnownFileType = sourcecode.c.h; path = IxTextInput.h; sourceTree = "<group>"; };
		13D4BE97183EC78700D46004 /* IxTextInput.m */ = {isa = PBXFileReference; fileEncoding = 4; lastKnownFileType = sourcecode.c.objc; path = IxTextInput.m; sourceTree = "<group>"; };
		13D4BE98183EC78700D46004 /* IxToggle.h */ = {isa = PBXFileReference; fileEncoding = 4; lastKnownFileType = sourcecode.c.h; path = IxToggle.h; sourceTree = "<group>"; };
		13D4BE99183EC78700D46004 /* IxToggle.m */ = {isa = PBXFileReference; fileEncoding = 4; lastKnownFileType = sourcecode.c.objc; path = IxToggle.m; sourceTree = "<group>"; };
		13D4BE9F183EC78700D46004 /* IxBaseDataprovider.h */ = {isa = PBXFileReference; fileEncoding = 4; lastKnownFileType = sourcecode.c.h; path = IxBaseDataprovider.h; sourceTree = "<group>"; };
		13D4BEA0183EC78700D46004 /* IxBaseDataprovider.m */ = {isa = PBXFileReference; fileEncoding = 4; lastKnownFileType = sourcecode.c.objc; path = IxBaseDataprovider.m; sourceTree = "<group>"; };
		13D4BEA1183EC78700D46004 /* IxEntityContainer.h */ = {isa = PBXFileReference; fileEncoding = 4; lastKnownFileType = sourcecode.c.h; path = IxEntityContainer.h; sourceTree = "<group>"; };
		13D4BEA2183EC78700D46004 /* IxEntityContainer.m */ = {isa = PBXFileReference; fileEncoding = 4; lastKnownFileType = sourcecode.c.objc; path = IxEntityContainer.m; sourceTree = "<group>"; };
		13D4BEA3183EC78700D46004 /* IxSandbox.h */ = {isa = PBXFileReference; fileEncoding = 4; lastKnownFileType = sourcecode.c.h; path = IxSandbox.h; sourceTree = "<group>"; };
		13D4BEA4183EC78700D46004 /* IxSandbox.m */ = {isa = PBXFileReference; fileEncoding = 4; lastKnownFileType = sourcecode.c.objc; path = IxSandbox.m; sourceTree = "<group>"; };
		13D4BEA6183EC78700D46004 /* IxProperty.h */ = {isa = PBXFileReference; fileEncoding = 4; lastKnownFileType = sourcecode.c.h; path = IxProperty.h; sourceTree = "<group>"; };
		13D4BEA7183EC78700D46004 /* IxProperty.m */ = {isa = PBXFileReference; fileEncoding = 4; lastKnownFileType = sourcecode.c.objc; path = IxProperty.m; sourceTree = "<group>"; };
		13D4BEA8183EC78700D46004 /* IxPropertyContainer.h */ = {isa = PBXFileReference; fileEncoding = 4; lastKnownFileType = sourcecode.c.h; path = IxPropertyContainer.h; sourceTree = "<group>"; };
		13D4BEA9183EC78700D46004 /* IxPropertyContainer.m */ = {isa = PBXFileReference; fileEncoding = 4; lastKnownFileType = sourcecode.c.objc; path = IxPropertyContainer.m; sourceTree = "<group>"; };
		13D4BEAA183EC78700D46004 /* IxPropertyParser.h */ = {isa = PBXFileReference; fileEncoding = 4; lastKnownFileType = sourcecode.c.h; path = IxPropertyParser.h; sourceTree = "<group>"; };
		13D4BEAB183EC78700D46004 /* IxPropertyParser.m */ = {isa = PBXFileReference; fileEncoding = 4; lastKnownFileType = sourcecode.c.objc; path = IxPropertyParser.m; sourceTree = "<group>"; };
		13D4BEAD183EC78700D46004 /* IxAppShortCode.h */ = {isa = PBXFileReference; fileEncoding = 4; lastKnownFileType = sourcecode.c.h; path = IxAppShortCode.h; sourceTree = "<group>"; };
		13D4BEAE183EC78700D46004 /* IxAppShortCode.m */ = {isa = PBXFileReference; fileEncoding = 4; lastKnownFileType = sourcecode.c.objc; path = IxAppShortCode.m; sourceTree = "<group>"; };
		13D4BEAF183EC78700D46004 /* IxBaseShortCode.h */ = {isa = PBXFileReference; fileEncoding = 4; lastKnownFileType = sourcecode.c.h; path = IxBaseShortCode.h; sourceTree = "<group>"; };
		13D4BEB0183EC78700D46004 /* IxBaseShortCode.m */ = {isa = PBXFileReference; fileEncoding = 4; lastKnownFileType = sourcecode.c.objc; path = IxBaseShortCode.m; sourceTree = "<group>"; };
		13D4BEB2183EC78700D46004 /* IxControlLayoutInfo.h */ = {isa = PBXFileReference; fileEncoding = 4; lastKnownFileType = sourcecode.c.h; path = IxControlLayoutInfo.h; sourceTree = "<group>"; };
		13D4BEB3183EC78700D46004 /* IxControlLayoutInfo.m */ = {isa = PBXFileReference; fileEncoding = 4; lastKnownFileType = sourcecode.c.objc; path = IxControlLayoutInfo.m; sourceTree = "<group>"; };
		13D4BEB4183EC78700D46004 /* IxLayoutEngine.h */ = {isa = PBXFileReference; fileEncoding = 4; lastKnownFileType = sourcecode.c.h; path = IxLayoutEngine.h; sourceTree = "<group>"; };
		13D4BEB5183EC78700D46004 /* IxLayoutEngine.m */ = {isa = PBXFileReference; fileEncoding = 4; lastKnownFileType = sourcecode.c.objc; path = IxLayoutEngine.m; sourceTree = "<group>"; };
		13D4BEB8183EC78700D46004 /* TTTAttributedLabel.h */ = {isa = PBXFileReference; fileEncoding = 4; lastKnownFileType = sourcecode.c.h; path = TTTAttributedLabel.h; sourceTree = "<group>"; };
		13D4BEB9183EC78700D46004 /* TTTAttributedLabel.m */ = {isa = PBXFileReference; fileEncoding = 4; lastKnownFileType = sourcecode.c.objc; path = TTTAttributedLabel.m; sourceTree = "<group>"; };
		13D4BEBB183EC78700D46004 /* IxClickableScrollView.h */ = {isa = PBXFileReference; fileEncoding = 4; lastKnownFileType = sourcecode.c.h; path = IxClickableScrollView.h; sourceTree = "<group>"; };
		13D4BEBC183EC78700D46004 /* IxClickableScrollView.m */ = {isa = PBXFileReference; fileEncoding = 4; lastKnownFileType = sourcecode.c.objc; path = IxClickableScrollView.m; sourceTree = "<group>"; };
		13D4BEBD183EC78700D46004 /* IxControlContentView.h */ = {isa = PBXFileReference; fileEncoding = 4; lastKnownFileType = sourcecode.c.h; path = IxControlContentView.h; sourceTree = "<group>"; };
		13D4BEBE183EC78700D46004 /* IxControlContentView.m */ = {isa = PBXFileReference; fileEncoding = 4; lastKnownFileType = sourcecode.c.objc; path = IxControlContentView.m; sourceTree = "<group>"; };
		13D4BEBF183EC78700D46004 /* IxNavigationViewController.h */ = {isa = PBXFileReference; fileEncoding = 4; lastKnownFileType = sourcecode.c.h; path = IxNavigationViewController.h; sourceTree = "<group>"; };
		13D4BEC0183EC78700D46004 /* IxNavigationViewController.m */ = {isa = PBXFileReference; fileEncoding = 4; lastKnownFileType = sourcecode.c.objc; path = IxNavigationViewController.m; sourceTree = "<group>"; };
		13D4BEC1183EC78700D46004 /* IxViewController.h */ = {isa = PBXFileReference; fileEncoding = 4; lastKnownFileType = sourcecode.c.h; path = IxViewController.h; sourceTree = "<group>"; };
		13D4BEC2183EC78700D46004 /* IxViewController.m */ = {isa = PBXFileReference; fileEncoding = 4; lastKnownFileType = sourcecode.c.objc; path = IxViewController.m; sourceTree = "<group>"; };
		13ECEA5E183EBF38004BC638 /* assets */ = {isa = PBXFileReference; lastKnownFileType = folder; name = assets; path = Ignite_iOS_Engine/assets; sourceTree = SOURCE_ROOT; };
		2A47E3A147B84D9DB0C78D60 /* Pods.xcconfig */ = {isa = PBXFileReference; includeInIndex = 1; lastKnownFileType = text.xcconfig; name = Pods.xcconfig; path = Pods/Pods.xcconfig; sourceTree = "<group>"; };
		6324BF4C1835931C00748F27 /* Ignite_iOS_Engine.app */ = {isa = PBXFileReference; explicitFileType = wrapper.application; includeInIndex = 0; path = Ignite_iOS_Engine.app; sourceTree = BUILT_PRODUCTS_DIR; };
		6324BF4F1835931C00748F27 /* Foundation.framework */ = {isa = PBXFileReference; lastKnownFileType = wrapper.framework; name = Foundation.framework; path = System/Library/Frameworks/Foundation.framework; sourceTree = SDKROOT; };
		6324BF511835931C00748F27 /* CoreGraphics.framework */ = {isa = PBXFileReference; lastKnownFileType = wrapper.framework; name = CoreGraphics.framework; path = System/Library/Frameworks/CoreGraphics.framework; sourceTree = SDKROOT; };
		6324BF531835931C00748F27 /* UIKit.framework */ = {isa = PBXFileReference; lastKnownFileType = wrapper.framework; name = UIKit.framework; path = System/Library/Frameworks/UIKit.framework; sourceTree = SDKROOT; };
		6324BF681835931D00748F27 /* XCTest.framework */ = {isa = PBXFileReference; lastKnownFileType = wrapper.framework; name = XCTest.framework; path = Library/Frameworks/XCTest.framework; sourceTree = DEVELOPER_DIR; };
/* End PBXFileReference section */

/* Begin PBXFrameworksBuildPhase section */
		6324BF491835931C00748F27 /* Frameworks */ = {
			isa = PBXFrameworksBuildPhase;
			buildActionMask = 2147483647;
			files = (
				6324BF501835931C00748F27 /* Foundation.framework in Frameworks */,
				6324BF521835931C00748F27 /* CoreGraphics.framework in Frameworks */,
				6324BF541835931C00748F27 /* UIKit.framework in Frameworks */,
				131591DB18396A800046B16D /* AVFoundation.framework in Frameworks */,
				131591E118396A960046B16D /* CoreMedia.framework in Frameworks */,
				131591E218396A960046B16D /* CoreVideo.framework in Frameworks */,
				131591EB18396B3E0046B16D /* libiconv.dylib in Frameworks */,
				1312FE201838468800A20FF7 /* Social.framework in Frameworks */,
				1312FE18183842FF00A20FF7 /* MessageUI.framework in Frameworks */,
				1312FDE4183715DD00A20FF7 /* SystemConfiguration.framework in Frameworks */,
				1312FDD1183713F000A20FF7 /* MobileCoreServices.framework in Frameworks */,
				1312FD1E1837112100A20FF7 /* CFNetwork.framework in Frameworks */,
				1312FD1C183710C200A20FF7 /* CoreData.framework in Frameworks */,
				1312FD1A183710B900A20FF7 /* Security.framework in Frameworks */,
				136928F11836108300E28BBC /* QuartzCore.framework in Frameworks */,
				136928E21835FC7A00E28BBC /* CoreLocation.framework in Frameworks */,
				136928E01835FC6F00E28BBC /* MapKit.framework in Frameworks */,
				DC33DC76CDF64EE8A8AD7118 /* libPods.a in Frameworks */,
			);
			runOnlyForDeploymentPostprocessing = 0;
		};
/* End PBXFrameworksBuildPhase section */

/* Begin PBXGroup section */
		13120CD6183EAF5D0075327D /* images */ = {
			isa = PBXGroup;
			children = (
			);
			name = images;
			sourceTree = "<group>";
		};
		13D4BE4E183EC78700D46004 /* Classes */ = {
			isa = PBXGroup;
			children = (
				13D4BE58183EC78700D46004 /* IxAppDelegate.h */,
				13D4BE59183EC78700D46004 /* IxAppDelegate.m */,
				13D4BE5A183EC78700D46004 /* IxAppManager.h */,
				13D4BE5B183EC78700D46004 /* IxAppManager.m */,
				13D4BE5C183EC78700D46004 /* IxConstants.h */,
				13D4BE5D183EC78700D46004 /* IxConstants.m */,
				13D4BE5E183EC78700D46004 /* IxEnums.h */,
				13D4BE5F183EC78700D46004 /* IxJSONParser.h */,
				13D4BE60183EC78700D46004 /* IxJSONParser.m */,
				13D4BE61183EC78700D46004 /* IxStructs.h */,
				13D4BE62183EC78700D46004 /* Model */,
				13D4BEB6183EC78700D46004 /* ThirdParty */,
				13D4BEBA183EC78700D46004 /* View */,
			);
			name = Classes;
			path = Ignite_iOS_Engine/Classes;
			sourceTree = SOURCE_ROOT;
		};
		13D4BE62183EC78700D46004 /* Model */ = {
			isa = PBXGroup;
			children = (
				13D4BE63183EC78700D46004 /* Actions */,
				13D4BE6E183EC78700D46004 /* BaseObjects */,
				13D4BE73183EC78700D46004 /* Controls */,
				13D4BE9E183EC78700D46004 /* DataProviders */,
				13D4BEA3183EC78700D46004 /* IxSandbox.h */,
				13D4BEA4183EC78700D46004 /* IxSandbox.m */,
				13D4BEA5183EC78700D46004 /* Properties */,
				13D4BEB1183EC78700D46004 /* Utilities */,
			);
			path = Model;
			sourceTree = "<group>";
		};
		13D4BE63183EC78700D46004 /* Actions */ = {
			isa = PBXGroup;
			children = (
				13D4BE64183EC78700D46004 /* IxActionContainer.h */,
				13D4BE65183EC78700D46004 /* IxActionContainer.m */,
				13D4BE66183EC78700D46004 /* IxAlertAction.h */,
				13D4BE67183EC78700D46004 /* IxAlertAction.m */,
				13D4BE68183EC78700D46004 /* IxBaseAction.h */,
				13D4BE69183EC78700D46004 /* IxBaseAction.m */,
				13D4BE6A183EC78700D46004 /* IxFunctionAction.h */,
				13D4BE6B183EC78700D46004 /* IxFunctionAction.m */,
				13D4BE6C183EC78700D46004 /* IxModifyAction.h */,
				13D4BE6D183EC78700D46004 /* IxModifyAction.m */,
			);
			path = Actions;
			sourceTree = "<group>";
		};
		13D4BE6E183EC78700D46004 /* BaseObjects */ = {
			isa = PBXGroup;
			children = (
				13D4BE6F183EC78700D46004 /* IxBaseConditionalObject.h */,
				13D4BE70183EC78700D46004 /* IxBaseConditionalObject.m */,
				13D4BE71183EC78700D46004 /* IxBaseObject.h */,
				13D4BE72183EC78700D46004 /* IxBaseObject.m */,
			);
			path = BaseObjects;
			sourceTree = "<group>";
		};
		13D4BE73183EC78700D46004 /* Controls */ = {
			isa = PBXGroup;
			children = (
				13D4BE78183EC78700D46004 /* IxActivityIndicator.h */,
				13D4BE79183EC78700D46004 /* IxActivityIndicator.m */,
				13D4BE7A183EC78700D46004 /* IxBaseControl.h */,
				13D4BE7B183EC78700D46004 /* IxBaseControl.m */,
				13D4BE7C183EC78700D46004 /* IxBrowser.h */,
				13D4BE7D183EC78700D46004 /* IxBrowser.m */,
				13D4BE7E183EC78700D46004 /* IxImage.h */,
				13D4BE7F183EC78700D46004 /* IxImage.m */,
				13D4BE80183EC78700D46004 /* IxLayout.h */,
				13D4BE81183EC78700D46004 /* IxLayout.m */,
				13D4BE82183EC78700D46004 /* IxMap.h */,
				13D4BE83183EC78700D46004 /* IxMap.m */,
				13D4BE84183EC78700D46004 /* IxMediaPlayer.h */,
				13D4BE85183EC78700D46004 /* IxMediaPlayer.m */,
				13D4BE86183EC78700D46004 /* IxMediaSource.h */,
				13D4BE87183EC78700D46004 /* IxMediaSource.m */,
				13D4BE88183EC78700D46004 /* IxMessage.h */,
				13D4BE89183EC78700D46004 /* IxMessage.m */,
				13D4BE8A183EC78700D46004 /* IxPanel.h */,
				13D4BE8B183EC78700D46004 /* IxPanel.m */,
				13D4BE8C183EC78700D46004 /* IxScanner.h */,
				13D4BE8D183EC78700D46004 /* IxScanner.m */,
				13D4BE8E183EC78700D46004 /* IxSocial.h */,
				13D4BE8F183EC78700D46004 /* IxSocial.m */,
				13D4BE90183EC78700D46004 /* IxTableView.h */,
				13D4BE91183EC78700D46004 /* IxTableView.m */,
				13D4BE92183EC78700D46004 /* IxText.h */,
				13D4BE93183EC78700D46004 /* IxText.m */,
				13D4BE94183EC78700D46004 /* IxTextHighlighter.h */,
				13D4BE95183EC78700D46004 /* IxTextHighlighter.m */,
				13D4BE96183EC78700D46004 /* IxTextInput.h */,
				13D4BE97183EC78700D46004 /* IxTextInput.m */,
				13D4BE98183EC78700D46004 /* IxToggle.h */,
				13D4BE99183EC78700D46004 /* IxToggle.m */,
			);
			path = Controls;
			sourceTree = "<group>";
		};
		13D4BE9E183EC78700D46004 /* DataProviders */ = {
			isa = PBXGroup;
			children = (
				13D4BE9F183EC78700D46004 /* IxBaseDataprovider.h */,
				13D4BEA0183EC78700D46004 /* IxBaseDataprovider.m */,
				13D4BEA1183EC78700D46004 /* IxEntityContainer.h */,
				13D4BEA2183EC78700D46004 /* IxEntityContainer.m */,
			);
			path = DataProviders;
			sourceTree = "<group>";
		};
		13D4BEA5183EC78700D46004 /* Properties */ = {
			isa = PBXGroup;
			children = (
				13D4BEA6183EC78700D46004 /* IxProperty.h */,
				13D4BEA7183EC78700D46004 /* IxProperty.m */,
				13D4BEA8183EC78700D46004 /* IxPropertyContainer.h */,
				13D4BEA9183EC78700D46004 /* IxPropertyContainer.m */,
				13D4BEAA183EC78700D46004 /* IxPropertyParser.h */,
				13D4BEAB183EC78700D46004 /* IxPropertyParser.m */,
				13D4BEAC183EC78700D46004 /* ShortCodes */,
			);
			path = Properties;
			sourceTree = "<group>";
		};
		13D4BEAC183EC78700D46004 /* ShortCodes */ = {
			isa = PBXGroup;
			children = (
				13D4BEAD183EC78700D46004 /* IxAppShortCode.h */,
				13D4BEAE183EC78700D46004 /* IxAppShortCode.m */,
				13D4BEAF183EC78700D46004 /* IxBaseShortCode.h */,
				13D4BEB0183EC78700D46004 /* IxBaseShortCode.m */,
			);
			path = ShortCodes;
			sourceTree = "<group>";
		};
		13D4BEB1183EC78700D46004 /* Utilities */ = {
			isa = PBXGroup;
			children = (
				13D4BEB2183EC78700D46004 /* IxControlLayoutInfo.h */,
				13D4BEB3183EC78700D46004 /* IxControlLayoutInfo.m */,
				13D4BEB4183EC78700D46004 /* IxLayoutEngine.h */,
				13D4BEB5183EC78700D46004 /* IxLayoutEngine.m */,
			);
			path = Utilities;
			sourceTree = "<group>";
		};
		13D4BEB6183EC78700D46004 /* ThirdParty */ = {
			isa = PBXGroup;
			children = (
				13D4BEB7183EC78700D46004 /* TTTAttributedLabel */,
			);
			path = ThirdParty;
			sourceTree = "<group>";
		};
		13D4BEB7183EC78700D46004 /* TTTAttributedLabel */ = {
			isa = PBXGroup;
			children = (
				13D4BEB8183EC78700D46004 /* TTTAttributedLabel.h */,
				13D4BEB9183EC78700D46004 /* TTTAttributedLabel.m */,
			);
			path = TTTAttributedLabel;
			sourceTree = "<group>";
		};
		13D4BEBA183EC78700D46004 /* View */ = {
			isa = PBXGroup;
			children = (
				13D4BEBB183EC78700D46004 /* IxClickableScrollView.h */,
				13D4BEBC183EC78700D46004 /* IxClickableScrollView.m */,
				13D4BEBD183EC78700D46004 /* IxControlContentView.h */,
				13D4BEBE183EC78700D46004 /* IxControlContentView.m */,
				13D4BEBF183EC78700D46004 /* IxNavigationViewController.h */,
				13D4BEC0183EC78700D46004 /* IxNavigationViewController.m */,
				13D4BEC1183EC78700D46004 /* IxViewController.h */,
				13D4BEC2183EC78700D46004 /* IxViewController.m */,
			);
			path = View;
			sourceTree = "<group>";
		};
		6324BF431835931C00748F27 = {
			isa = PBXGroup;
			children = (
				6324BF551835931C00748F27 /* Ignite_iOS_Engine */,
				6324BF4E1835931C00748F27 /* Frameworks */,
				6324BF4D1835931C00748F27 /* Products */,
				2A47E3A147B84D9DB0C78D60 /* Pods.xcconfig */,
			);
			sourceTree = "<group>";
		};
		6324BF4D1835931C00748F27 /* Products */ = {
			isa = PBXGroup;
			children = (
				6324BF4C1835931C00748F27 /* Ignite_iOS_Engine.app */,
			);
			name = Products;
			sourceTree = "<group>";
		};
		6324BF4E1835931C00748F27 /* Frameworks */ = {
			isa = PBXGroup;
			children = (
				131591EA18396B3E0046B16D /* libiconv.dylib */,
				131591DF18396A960046B16D /* CoreMedia.framework */,
				131591E018396A960046B16D /* CoreVideo.framework */,
				131591DA18396A800046B16D /* AVFoundation.framework */,
				1312FE1F1838468800A20FF7 /* Social.framework */,
				1312FE17183842FF00A20FF7 /* MessageUI.framework */,
				1312FDE3183715DD00A20FF7 /* SystemConfiguration.framework */,
				1312FDD0183713F000A20FF7 /* MobileCoreServices.framework */,
				1312FD1D1837112100A20FF7 /* CFNetwork.framework */,
				1312FD1B183710C200A20FF7 /* CoreData.framework */,
				1312FD19183710B900A20FF7 /* Security.framework */,
				136928F01836108300E28BBC /* QuartzCore.framework */,
				136928E11835FC7A00E28BBC /* CoreLocation.framework */,
				136928DF1835FC6F00E28BBC /* MapKit.framework */,
				6324BF4F1835931C00748F27 /* Foundation.framework */,
				6324BF511835931C00748F27 /* CoreGraphics.framework */,
				6324BF531835931C00748F27 /* UIKit.framework */,
				6324BF681835931D00748F27 /* XCTest.framework */,
				05D522CE73164D978B4CF70F /* libPods.a */,
			);
			name = Frameworks;
			sourceTree = "<group>";
		};
		6324BF551835931C00748F27 /* Ignite_iOS_Engine */ = {
			isa = PBXGroup;
			children = (
				13ECEA5E183EBF38004BC638 /* assets */,
				13D4BE4E183EC78700D46004 /* Classes */,
				6324BF561835931C00748F27 /* Supporting Files */,
			);
			name = Ignite_iOS_Engine;
			path = Apigee_iOS_Engine;
			sourceTree = "<group>";
		};
		6324BF561835931C00748F27 /* Supporting Files */ = {
			isa = PBXGroup;
			children = (
				13BF0463183EBE7E00894760 /* Ignite_iOS_Engine-Info.plist */,
				13BF0464183EBE7E00894760 /* Ignite_iOS_Engine-Prefix.pch */,
				13BF0465183EBE7E00894760 /* Images.xcassets */,
				13BF0466183EBE7E00894760 /* main.m */,
				13120CD6183EAF5D0075327D /* images */,
			);
			name = "Supporting Files";
			sourceTree = "<group>";
		};
/* End PBXGroup section */

/* Begin PBXNativeTarget section */
		6324BF4B1835931C00748F27 /* Ignite_iOS_Engine */ = {
			isa = PBXNativeTarget;
			buildConfigurationList = 6324BF781835931D00748F27 /* Build configuration list for PBXNativeTarget "Ignite_iOS_Engine" */;
			buildPhases = (
				174B3967FD5446A9BFBB4B95 /* Check Pods Manifest.lock */,
				6324BF481835931C00748F27 /* Sources */,
				6324BF491835931C00748F27 /* Frameworks */,
				6324BF4A1835931C00748F27 /* Resources */,
				094C015EBD9C43B6AB3EEB74 /* Copy Pods Resources */,
			);
			buildRules = (
			);
			dependencies = (
			);
			name = Ignite_iOS_Engine;
			productName = Apigee_iOS_Engine;
			productReference = 6324BF4C1835931C00748F27 /* Ignite_iOS_Engine.app */;
			productType = "com.apple.product-type.application";
		};
/* End PBXNativeTarget section */

/* Begin PBXProject section */
		6324BF441835931C00748F27 /* Project object */ = {
			isa = PBXProject;
			attributes = {
				CLASSPREFIX = ixe;
				LastUpgradeCheck = 0500;
				ORGANIZATIONNAME = Ignite;
			};
			buildConfigurationList = 6324BF471835931C00748F27 /* Build configuration list for PBXProject "Ignite_iOS_Engine" */;
			compatibilityVersion = "Xcode 3.2";
			developmentRegion = English;
			hasScannedForEncodings = 0;
			knownRegions = (
				en,
				da,
				"es-ES",
				es,
				fr,
				ja,
				"zh-Hans",
				"zh-Hant",
			);
			mainGroup = 6324BF431835931C00748F27;
			productRefGroup = 6324BF4D1835931C00748F27 /* Products */;
			projectDirPath = "";
			projectRoot = "";
			targets = (
				6324BF4B1835931C00748F27 /* Ignite_iOS_Engine */,
			);
		};
/* End PBXProject section */

/* Begin PBXResourcesBuildPhase section */
		6324BF4A1835931C00748F27 /* Resources */ = {
			isa = PBXResourcesBuildPhase;
			buildActionMask = 2147483647;
			files = (
				13BF0468183EBE7E00894760 /* Images.xcassets in Resources */,
				13ECEA5F183EBF39004BC638 /* assets in Resources */,
				13BF0467183EBE7E00894760 /* Ignite_iOS_Engine-Info.plist in Resources */,
			);
			runOnlyForDeploymentPostprocessing = 0;
		};
/* End PBXResourcesBuildPhase section */

/* Begin PBXShellScriptBuildPhase section */
		094C015EBD9C43B6AB3EEB74 /* Copy Pods Resources */ = {
			isa = PBXShellScriptBuildPhase;
			buildActionMask = 2147483647;
			files = (
			);
			inputPaths = (
			);
			name = "Copy Pods Resources";
			outputPaths = (
			);
			runOnlyForDeploymentPostprocessing = 0;
			shellPath = /bin/sh;
			shellScript = "\"${SRCROOT}/Pods/Pods-resources.sh\"\n";
			showEnvVarsInLog = 0;
		};
		174B3967FD5446A9BFBB4B95 /* Check Pods Manifest.lock */ = {
			isa = PBXShellScriptBuildPhase;
			buildActionMask = 2147483647;
			files = (
			);
			inputPaths = (
			);
			name = "Check Pods Manifest.lock";
			outputPaths = (
			);
			runOnlyForDeploymentPostprocessing = 0;
			shellPath = /bin/sh;
			shellScript = "diff \"${PODS_ROOT}/../Podfile.lock\" \"${PODS_ROOT}/Manifest.lock\" > /dev/null\nif [[ $? != 0 ]] ; then\n    cat << EOM\nerror: The sandbox is not in sync with the Podfile.lock. Run 'pod install' or update your CocoaPods installation.\nEOM\n    exit 1\nfi\n";
			showEnvVarsInLog = 0;
		};
/* End PBXShellScriptBuildPhase section */

/* Begin PBXSourcesBuildPhase section */
		6324BF481835931C00748F27 /* Sources */ = {
			isa = PBXSourcesBuildPhase;
			buildActionMask = 2147483647;
			files = (
				13D4BEF0183EC78700D46004 /* IxAppShortCode.m in Sources */,
				13D4BEE6183EC78700D46004 /* IxTextInput.m in Sources */,
				13D4BEED183EC78700D46004 /* IxProperty.m in Sources */,
				13D4BECE183EC78700D46004 /* IxActionContainer.m in Sources */,
				13D4BEDC183EC78700D46004 /* IxMap.m in Sources */,
				13D4BED3183EC78700D46004 /* IxBaseConditionalObject.m in Sources */,
				13D4BEDB183EC78700D46004 /* IxLayout.m in Sources */,
				13D4BEE5183EC78700D46004 /* IxTextHighlighter.m in Sources */,
				13D4BEDE183EC78700D46004 /* IxMediaSource.m in Sources */,
				13D4BEE4183EC78700D46004 /* IxText.m in Sources */,
				13D4BEF3183EC78700D46004 /* IxLayoutEngine.m in Sources */,
				13BF0469183EBE7E00894760 /* main.m in Sources */,
				13D4BECB183EC78700D46004 /* IxAppManager.m in Sources */,
				13D4BEF8183EC78700D46004 /* IxViewController.m in Sources */,
				13D4BED0183EC78700D46004 /* IxBaseAction.m in Sources */,
				13D4BEF7183EC78700D46004 /* IxNavigationViewController.m in Sources */,
				13D4BEDA183EC78700D46004 /* IxImage.m in Sources */,
				13D4BEE7183EC78700D46004 /* IxToggle.m in Sources */,
				13D4BED7183EC78700D46004 /* IxActivityIndicator.m in Sources */,
				13D4BED9183EC78700D46004 /* IxBrowser.m in Sources */,
				13D4BEEE183EC78700D46004 /* IxPropertyContainer.m in Sources */,
				13D4BEE3183EC78700D46004 /* IxTableView.m in Sources */,
				13D4BEE1183EC78700D46004 /* IxScanner.m in Sources */,
				13D4BED8183EC78700D46004 /* IxBaseControl.m in Sources */,
				13D4BECC183EC78700D46004 /* IxConstants.m in Sources */,
				13D4BEEA183EC78700D46004 /* IxBaseDataprovider.m in Sources */,
				13D4BEDD183EC78700D46004 /* IxMediaPlayer.m in Sources */,
				13D4BECF183EC78700D46004 /* IxAlertAction.m in Sources */,
				13D4BEEC183EC78700D46004 /* IxSandbox.m in Sources */,
				13D4BED2183EC78700D46004 /* IxModifyAction.m in Sources */,
				13D4BED4183EC78700D46004 /* IxBaseObject.m in Sources */,
				13D4BEEF183EC78700D46004 /* IxPropertyParser.m in Sources */,
				13D4BECD183EC78700D46004 /* IxJSONParser.m in Sources */,
				13D4BECA183EC78700D46004 /* IxAppDelegate.m in Sources */,
				13D4BEF5183EC78700D46004 /* IxClickableScrollView.m in Sources */,
				13D4BEE0183EC78700D46004 /* IxPanel.m in Sources */,
				13D4BEE2183EC78700D46004 /* IxSocial.m in Sources */,
				13D4BEF6183EC78700D46004 /* IxControlContentView.m in Sources */,
				13D4BEEB183EC78700D46004 /* IxEntityContainer.m in Sources */,
				13D4BEF2183EC78700D46004 /* IxControlLayoutInfo.m in Sources */,
				13D4BED1183EC78700D46004 /* IxFunctionAction.m in Sources */,
				13D4BEDF183EC78700D46004 /* IxMessage.m in Sources */,
				13D4BEF1183EC78700D46004 /* IxBaseShortCode.m in Sources */,
				13D4BEF4183EC78700D46004 /* TTTAttributedLabel.m in Sources */,
			);
			runOnlyForDeploymentPostprocessing = 0;
		};
/* End PBXSourcesBuildPhase section */

/* Begin XCBuildConfiguration section */
		6324BF761835931D00748F27 /* Debug */ = {
			isa = XCBuildConfiguration;
			buildSettings = {
				ALWAYS_SEARCH_USER_PATHS = NO;
				ARCHS = "$(ARCHS_STANDARD_INCLUDING_64_BIT)";
				CLANG_CXX_LANGUAGE_STANDARD = "gnu++0x";
				CLANG_CXX_LIBRARY = "libc++";
				CLANG_ENABLE_MODULES = YES;
				CLANG_ENABLE_OBJC_ARC = YES;
				CLANG_WARN_BOOL_CONVERSION = YES;
				CLANG_WARN_CONSTANT_CONVERSION = YES;
				CLANG_WARN_DIRECT_OBJC_ISA_USAGE = YES_ERROR;
				CLANG_WARN_EMPTY_BODY = YES;
				CLANG_WARN_ENUM_CONVERSION = YES;
				CLANG_WARN_INT_CONVERSION = YES;
				CLANG_WARN_OBJC_ROOT_CLASS = YES_ERROR;
				CLANG_WARN__DUPLICATE_METHOD_MATCH = YES;
				"CODE_SIGN_IDENTITY[sdk=iphoneos*]" = "iPhone Developer";
				COPY_PHASE_STRIP = NO;
				GCC_C_LANGUAGE_STANDARD = gnu99;
				GCC_DYNAMIC_NO_PIC = NO;
				GCC_OPTIMIZATION_LEVEL = 0;
				GCC_PREPROCESSOR_DEFINITIONS = (
					"DEBUG=1",
					"$(inherited)",
				);
				GCC_SYMBOLS_PRIVATE_EXTERN = NO;
				GCC_WARN_64_TO_32_BIT_CONVERSION = YES;
				GCC_WARN_ABOUT_RETURN_TYPE = YES_ERROR;
				GCC_WARN_UNDECLARED_SELECTOR = YES;
				GCC_WARN_UNINITIALIZED_AUTOS = YES;
				GCC_WARN_UNUSED_FUNCTION = YES;
				GCC_WARN_UNUSED_VARIABLE = YES;
				IPHONEOS_DEPLOYMENT_TARGET = 7.0;
				ONLY_ACTIVE_ARCH = YES;
				SDKROOT = iphoneos;
				TARGETED_DEVICE_FAMILY = "1,2";
			};
			name = Debug;
		};
		6324BF771835931D00748F27 /* Release */ = {
			isa = XCBuildConfiguration;
			buildSettings = {
				ALWAYS_SEARCH_USER_PATHS = NO;
				ARCHS = "$(ARCHS_STANDARD_INCLUDING_64_BIT)";
				CLANG_CXX_LANGUAGE_STANDARD = "gnu++0x";
				CLANG_CXX_LIBRARY = "libc++";
				CLANG_ENABLE_MODULES = YES;
				CLANG_ENABLE_OBJC_ARC = YES;
				CLANG_WARN_BOOL_CONVERSION = YES;
				CLANG_WARN_CONSTANT_CONVERSION = YES;
				CLANG_WARN_DIRECT_OBJC_ISA_USAGE = YES_ERROR;
				CLANG_WARN_EMPTY_BODY = YES;
				CLANG_WARN_ENUM_CONVERSION = YES;
				CLANG_WARN_INT_CONVERSION = YES;
				CLANG_WARN_OBJC_ROOT_CLASS = YES_ERROR;
				CLANG_WARN__DUPLICATE_METHOD_MATCH = YES;
				"CODE_SIGN_IDENTITY[sdk=iphoneos*]" = "iPhone Developer";
				COPY_PHASE_STRIP = YES;
				ENABLE_NS_ASSERTIONS = NO;
				GCC_C_LANGUAGE_STANDARD = gnu99;
				GCC_WARN_64_TO_32_BIT_CONVERSION = YES;
				GCC_WARN_ABOUT_RETURN_TYPE = YES_ERROR;
				GCC_WARN_UNDECLARED_SELECTOR = YES;
				GCC_WARN_UNINITIALIZED_AUTOS = YES;
				GCC_WARN_UNUSED_FUNCTION = YES;
				GCC_WARN_UNUSED_VARIABLE = YES;
				IPHONEOS_DEPLOYMENT_TARGET = 7.0;
				SDKROOT = iphoneos;
				TARGETED_DEVICE_FAMILY = "1,2";
				VALIDATE_PRODUCT = YES;
			};
			name = Release;
		};
		6324BF791835931D00748F27 /* Debug */ = {
			isa = XCBuildConfiguration;
			baseConfigurationReference = 2A47E3A147B84D9DB0C78D60 /* Pods.xcconfig */;
			buildSettings = {
				ASSETCATALOG_COMPILER_APPICON_NAME = AppIcon;
				ASSETCATALOG_COMPILER_LAUNCHIMAGE_NAME = LaunchImage;
				GCC_PRECOMPILE_PREFIX_HEADER = YES;
				GCC_PREFIX_HEADER = "Ignite_iOS_Engine/Ignite_iOS_Engine-Prefix.pch";
				HEADER_SEARCH_PATHS = (
					"$(inherited)",
					/Applications/Xcode.app/Contents/Developer/Toolchains/XcodeDefault.xctoolchain/usr/include,
					"\"$(BUILT_PRODUCTS_DIR)/../../Headers\"",
				);
				INFOPLIST_FILE = "$(SRCROOT)/Ignite_iOS_Engine/Ignite_iOS_Engine-Info.plist";
				IPHONEOS_DEPLOYMENT_TARGET = 7.0;
				LIBRARY_SEARCH_PATHS = (
					"$(inherited)",
					/Users/jeremyanticouni/Development/IgniteEngine/Classes/ThirdParty/ZBarSDK,
				);
				OTHER_LDFLAGS = (
					"-ObjC",
					"-all_load",
				);
				PRODUCT_NAME = Ignite_iOS_Engine;
				WRAPPER_EXTENSION = app;
			};
			name = Debug;
		};
		6324BF7A1835931D00748F27 /* Release */ = {
			isa = XCBuildConfiguration;
			baseConfigurationReference = 2A47E3A147B84D9DB0C78D60 /* Pods.xcconfig */;
			buildSettings = {
				ASSETCATALOG_COMPILER_APPICON_NAME = AppIcon;
				ASSETCATALOG_COMPILER_LAUNCHIMAGE_NAME = LaunchImage;
				GCC_PRECOMPILE_PREFIX_HEADER = YES;
				GCC_PREFIX_HEADER = "Ignite_iOS_Engine/Ignite_iOS_Engine-Prefix.pch";
				HEADER_SEARCH_PATHS = (
					"$(inherited)",
					/Applications/Xcode.app/Contents/Developer/Toolchains/XcodeDefault.xctoolchain/usr/include,
					"\"$(BUILT_PRODUCTS_DIR)/../../Headers\"",
				);
				INFOPLIST_FILE = "$(SRCROOT)/Ignite_iOS_Engine/Ignite_iOS_Engine-Info.plist";
				IPHONEOS_DEPLOYMENT_TARGET = 7.0;
				LIBRARY_SEARCH_PATHS = (
					"$(inherited)",
					/Users/jeremyanticouni/Development/IgniteEngine/Classes/ThirdParty/ZBarSDK,
				);
				OTHER_LDFLAGS = (
					"-ObjC",
					"-all_load",
				);
				PRODUCT_NAME = Ignite_iOS_Engine;
				WRAPPER_EXTENSION = app;
			};
			name = Release;
		};
/* End XCBuildConfiguration section */

/* Begin XCConfigurationList section */
		6324BF471835931C00748F27 /* Build configuration list for PBXProject "Ignite_iOS_Engine" */ = {
			isa = XCConfigurationList;
			buildConfigurations = (
				6324BF761835931D00748F27 /* Debug */,
				6324BF771835931D00748F27 /* Release */,
			);
			defaultConfigurationIsVisible = 0;
			defaultConfigurationName = Release;
		};
		6324BF781835931D00748F27 /* Build configuration list for PBXNativeTarget "Ignite_iOS_Engine" */ = {
			isa = XCConfigurationList;
			buildConfigurations = (
				6324BF791835931D00748F27 /* Debug */,
				6324BF7A1835931D00748F27 /* Release */,
			);
			defaultConfigurationIsVisible = 0;
			defaultConfigurationName = Release;
		};
/* End XCConfigurationList section */
	};
	rootObject = 6324BF441835931C00748F27 /* Project object */;
}
