// !$*UTF8*$!
{
	archiveVersion = 1;
	classes = {
	};
	objectVersion = 46;
	objects = {

/* Begin PBXBuildFile section */
		1312FD1A183710B900A20FF7 /* Security.framework in Frameworks */ = {isa = PBXBuildFile; fileRef = 1312FD19183710B900A20FF7 /* Security.framework */; };
		1312FD1C183710C200A20FF7 /* CoreData.framework in Frameworks */ = {isa = PBXBuildFile; fileRef = 1312FD1B183710C200A20FF7 /* CoreData.framework */; };
		1312FD1E1837112100A20FF7 /* CFNetwork.framework in Frameworks */ = {isa = PBXBuildFile; fileRef = 1312FD1D1837112100A20FF7 /* CFNetwork.framework */; };
		1312FDD1183713F000A20FF7 /* MobileCoreServices.framework in Frameworks */ = {isa = PBXBuildFile; fileRef = 1312FDD0183713F000A20FF7 /* MobileCoreServices.framework */; };
		1312FDE4183715DD00A20FF7 /* SystemConfiguration.framework in Frameworks */ = {isa = PBXBuildFile; fileRef = 1312FDE3183715DD00A20FF7 /* SystemConfiguration.framework */; };
		1312FE18183842FF00A20FF7 /* MessageUI.framework in Frameworks */ = {isa = PBXBuildFile; fileRef = 1312FE17183842FF00A20FF7 /* MessageUI.framework */; };
		1312FE201838468800A20FF7 /* Social.framework in Frameworks */ = {isa = PBXBuildFile; fileRef = 1312FE1F1838468800A20FF7 /* Social.framework */; };
		131591DB18396A800046B16D /* AVFoundation.framework in Frameworks */ = {isa = PBXBuildFile; fileRef = 131591DA18396A800046B16D /* AVFoundation.framework */; };
		131591E118396A960046B16D /* CoreMedia.framework in Frameworks */ = {isa = PBXBuildFile; fileRef = 131591DF18396A960046B16D /* CoreMedia.framework */; };
		131591E218396A960046B16D /* CoreVideo.framework in Frameworks */ = {isa = PBXBuildFile; fileRef = 131591E018396A960046B16D /* CoreVideo.framework */; };
		131591EB18396B3E0046B16D /* libiconv.dylib in Frameworks */ = {isa = PBXBuildFile; fileRef = 131591EA18396B3E0046B16D /* libiconv.dylib */; };
		136928E01835FC6F00E28BBC /* MapKit.framework in Frameworks */ = {isa = PBXBuildFile; fileRef = 136928DF1835FC6F00E28BBC /* MapKit.framework */; };
		136928E21835FC7A00E28BBC /* CoreLocation.framework in Frameworks */ = {isa = PBXBuildFile; fileRef = 136928E11835FC7A00E28BBC /* CoreLocation.framework */; };
		136928F11836108300E28BBC /* QuartzCore.framework in Frameworks */ = {isa = PBXBuildFile; fileRef = 136928F01836108300E28BBC /* QuartzCore.framework */; };
		13BF045E183EBE4600894760 /* TTTAttributedLabel.m in Sources */ = {isa = PBXBuildFile; fileRef = 13BFFC85183EBE4200894760 /* TTTAttributedLabel.m */; };
		13BF045F183EBE4600894760 /* ixeClickableScrollView.m in Sources */ = {isa = PBXBuildFile; fileRef = 13BFFC97183EBE4200894760 /* ixeClickableScrollView.m */; };
		13BF0460183EBE4600894760 /* ixeControlContentView.m in Sources */ = {isa = PBXBuildFile; fileRef = 13BFFC99183EBE4200894760 /* ixeControlContentView.m */; };
		13BF0461183EBE4600894760 /* ixeNavigationViewController.m in Sources */ = {isa = PBXBuildFile; fileRef = 13BFFC9B183EBE4200894760 /* ixeNavigationViewController.m */; };
		13BF0462183EBE4600894760 /* ixeViewController.m in Sources */ = {isa = PBXBuildFile; fileRef = 13BFFC9D183EBE4200894760 /* ixeViewController.m */; };
		13BF0467183EBE7E00894760 /* Ignite_iOS_Engine-Info.plist in Resources */ = {isa = PBXBuildFile; fileRef = 13BF0463183EBE7E00894760 /* Ignite_iOS_Engine-Info.plist */; };
		13BF0468183EBE7E00894760 /* Images.xcassets in Resources */ = {isa = PBXBuildFile; fileRef = 13BF0465183EBE7E00894760 /* Images.xcassets */; };
		13BF0469183EBE7E00894760 /* main.m in Sources */ = {isa = PBXBuildFile; fileRef = 13BF0466183EBE7E00894760 /* main.m */; };
		13BFFC9E183EBE4200894760 /* ixeAppDelegate.m in Sources */ = {isa = PBXBuildFile; fileRef = 13BFEACC183EBE2500894760 /* ixeAppDelegate.m */; };
		13BFFC9F183EBE4200894760 /* ixeAppManager.m in Sources */ = {isa = PBXBuildFile; fileRef = 13BFEACE183EBE2500894760 /* ixeAppManager.m */; };
		13BFFCA0183EBE4200894760 /* ixeConstants.m in Sources */ = {isa = PBXBuildFile; fileRef = 13BFEAD0183EBE2500894760 /* ixeConstants.m */; };
		13BFFCA1183EBE4200894760 /* ixeJSONParser.m in Sources */ = {isa = PBXBuildFile; fileRef = 13BFEAD3183EBE2500894760 /* ixeJSONParser.m */; };
		13BFFCA2183EBE4200894760 /* ixeActionContainer.m in Sources */ = {isa = PBXBuildFile; fileRef = 13BFEAD8183EBE2500894760 /* ixeActionContainer.m */; };
		13BFFCA3183EBE4200894760 /* ixeAlertAction.m in Sources */ = {isa = PBXBuildFile; fileRef = 13BFEADA183EBE2500894760 /* ixeAlertAction.m */; };
		13BFFCA4183EBE4200894760 /* ixeBaseAction.m in Sources */ = {isa = PBXBuildFile; fileRef = 13BFEADC183EBE2500894760 /* ixeBaseAction.m */; };
		13BFFCA5183EBE4200894760 /* ixeFunctionAction.m in Sources */ = {isa = PBXBuildFile; fileRef = 13BFEADE183EBE2500894760 /* ixeFunctionAction.m */; };
		13BFFCA6183EBE4200894760 /* ixeModifyAction.m in Sources */ = {isa = PBXBuildFile; fileRef = 13BFEAE0183EBE2500894760 /* ixeModifyAction.m */; };
		13BFFCA7183EBE4200894760 /* ixeBaseConditionalObject.m in Sources */ = {isa = PBXBuildFile; fileRef = 13BFEAE3183EBE2500894760 /* ixeBaseConditionalObject.m */; };
		13BFFCA8183EBE4200894760 /* ixeBaseObject.m in Sources */ = {isa = PBXBuildFile; fileRef = 13BFEAE5183EBE2500894760 /* ixeBaseObject.m */; };
		13BFFCAB183EBE4200894760 /* ixeActivityIndicator.m in Sources */ = {isa = PBXBuildFile; fileRef = 13BFEAEC183EBE2500894760 /* ixeActivityIndicator.m */; };
		13BFFCAC183EBE4200894760 /* ixeBaseControl.m in Sources */ = {isa = PBXBuildFile; fileRef = 13BFEAEE183EBE2500894760 /* ixeBaseControl.m */; };
		13BFFCAD183EBE4200894760 /* ixeBrowser.m in Sources */ = {isa = PBXBuildFile; fileRef = 13BFEAF0183EBE2500894760 /* ixeBrowser.m */; };
		13BFFCAE183EBE4200894760 /* ixeImage.m in Sources */ = {isa = PBXBuildFile; fileRef = 13BFEAF2183EBE2500894760 /* ixeImage.m */; };
		13BFFCAF183EBE4200894760 /* ixeLayout.m in Sources */ = {isa = PBXBuildFile; fileRef = 13BFEAF4183EBE2500894760 /* ixeLayout.m */; };
		13BFFCB0183EBE4200894760 /* ixeMap.m in Sources */ = {isa = PBXBuildFile; fileRef = 13BFEAF6183EBE2500894760 /* ixeMap.m */; };
		13BFFCB1183EBE4200894760 /* ixeMediaPlayer.m in Sources */ = {isa = PBXBuildFile; fileRef = 13BFEAF8183EBE2500894760 /* ixeMediaPlayer.m */; };
		13BFFCB2183EBE4200894760 /* ixeMediaSource.m in Sources */ = {isa = PBXBuildFile; fileRef = 13BFEAFA183EBE2500894760 /* ixeMediaSource.m */; };
		13BFFCB3183EBE4200894760 /* ixeMessage.m in Sources */ = {isa = PBXBuildFile; fileRef = 13BFEAFC183EBE2500894760 /* ixeMessage.m */; };
		13BFFCB4183EBE4200894760 /* ixePanel.m in Sources */ = {isa = PBXBuildFile; fileRef = 13BFEAFE183EBE2500894760 /* ixePanel.m */; };
		13BFFCB5183EBE4200894760 /* ixeScanner.m in Sources */ = {isa = PBXBuildFile; fileRef = 13BFEB00183EBE2500894760 /* ixeScanner.m */; };
		13BFFCB6183EBE4200894760 /* ixeSocial.m in Sources */ = {isa = PBXBuildFile; fileRef = 13BFEB02183EBE2500894760 /* ixeSocial.m */; };
		13BFFCB7183EBE4200894760 /* ixeTableView.m in Sources */ = {isa = PBXBuildFile; fileRef = 13BFEB04183EBE2500894760 /* ixeTableView.m */; };
		13BFFCB8183EBE4200894760 /* ixeText.m in Sources */ = {isa = PBXBuildFile; fileRef = 13BFEB06183EBE2500894760 /* ixeText.m */; };
		13BFFCB9183EBE4200894760 /* ixeTextHighlighter.m in Sources */ = {isa = PBXBuildFile; fileRef = 13BFEB08183EBE2500894760 /* ixeTextHighlighter.m */; };
		13BFFCBA183EBE4200894760 /* ixeTextInput.m in Sources */ = {isa = PBXBuildFile; fileRef = 13BFEB0A183EBE2500894760 /* ixeTextInput.m */; };
		13BFFCBB183EBE4200894760 /* ixeToggle.m in Sources */ = {isa = PBXBuildFile; fileRef = 13BFEB0C183EBE2500894760 /* ixeToggle.m */; };
		13BFFCBE183EBE4200894760 /* ixeBaseDataprovider.m in Sources */ = {isa = PBXBuildFile; fileRef = 13BFEB13183EBE2500894760 /* ixeBaseDataprovider.m */; };
		13BFFCBF183EBE4200894760 /* ixeEntityContainer.m in Sources */ = {isa = PBXBuildFile; fileRef = 13BFEB15183EBE2500894760 /* ixeEntityContainer.m */; };
		13BFFCC0183EBE4200894760 /* ixeSandbox.m in Sources */ = {isa = PBXBuildFile; fileRef = 13BFEB17183EBE2500894760 /* ixeSandbox.m */; };
		13BFFCC1183EBE4200894760 /* ixeProperty.m in Sources */ = {isa = PBXBuildFile; fileRef = 13BFEB1A183EBE2500894760 /* ixeProperty.m */; };
		13BFFCC2183EBE4200894760 /* ixePropertyContainer.m in Sources */ = {isa = PBXBuildFile; fileRef = 13BFEB1C183EBE2500894760 /* ixePropertyContainer.m */; };
		13BFFCC3183EBE4200894760 /* ixePropertyParser.m in Sources */ = {isa = PBXBuildFile; fileRef = 13BFEB1E183EBE2500894760 /* ixePropertyParser.m */; };
		13BFFCC4183EBE4200894760 /* ixeAppShortCode.m in Sources */ = {isa = PBXBuildFile; fileRef = 13BFEB21183EBE2500894760 /* ixeAppShortCode.m */; };
		13BFFCC5183EBE4200894760 /* ixeBaseShortCode.m in Sources */ = {isa = PBXBuildFile; fileRef = 13BFEB23183EBE2500894760 /* ixeBaseShortCode.m */; };
		13BFFCC6183EBE4200894760 /* ixeControlLayoutInfo.m in Sources */ = {isa = PBXBuildFile; fileRef = 13BFEB26183EBE2500894760 /* ixeControlLayoutInfo.m */; };
		13BFFCC7183EBE4200894760 /* ixeLayoutEngine.m in Sources */ = {isa = PBXBuildFile; fileRef = 13BFEB28183EBE2500894760 /* ixeLayoutEngine.m */; };
		13ECEA5F183EBF39004BC638 /* assets in Resources */ = {isa = PBXBuildFile; fileRef = 13ECEA5E183EBF38004BC638 /* assets */; };
		6324BF501835931C00748F27 /* Foundation.framework in Frameworks */ = {isa = PBXBuildFile; fileRef = 6324BF4F1835931C00748F27 /* Foundation.framework */; };
		6324BF521835931C00748F27 /* CoreGraphics.framework in Frameworks */ = {isa = PBXBuildFile; fileRef = 6324BF511835931C00748F27 /* CoreGraphics.framework */; };
		6324BF541835931C00748F27 /* UIKit.framework in Frameworks */ = {isa = PBXBuildFile; fileRef = 6324BF531835931C00748F27 /* UIKit.framework */; };
		DC33DC76CDF64EE8A8AD7118 /* libPods.a in Frameworks */ = {isa = PBXBuildFile; fileRef = 05D522CE73164D978B4CF70F /* libPods.a */; };
/* End PBXBuildFile section */

/* Begin PBXFileReference section */
		05D522CE73164D978B4CF70F /* libPods.a */ = {isa = PBXFileReference; explicitFileType = archive.ar; includeInIndex = 0; path = libPods.a; sourceTree = BUILT_PRODUCTS_DIR; };
		1312FD19183710B900A20FF7 /* Security.framework */ = {isa = PBXFileReference; lastKnownFileType = wrapper.framework; name = Security.framework; path = System/Library/Frameworks/Security.framework; sourceTree = SDKROOT; };
		1312FD1B183710C200A20FF7 /* CoreData.framework */ = {isa = PBXFileReference; lastKnownFileType = wrapper.framework; name = CoreData.framework; path = System/Library/Frameworks/CoreData.framework; sourceTree = SDKROOT; };
		1312FD1D1837112100A20FF7 /* CFNetwork.framework */ = {isa = PBXFileReference; lastKnownFileType = wrapper.framework; name = CFNetwork.framework; path = System/Library/Frameworks/CFNetwork.framework; sourceTree = SDKROOT; };
		1312FDD0183713F000A20FF7 /* MobileCoreServices.framework */ = {isa = PBXFileReference; lastKnownFileType = wrapper.framework; name = MobileCoreServices.framework; path = System/Library/Frameworks/MobileCoreServices.framework; sourceTree = SDKROOT; };
		1312FDE3183715DD00A20FF7 /* SystemConfiguration.framework */ = {isa = PBXFileReference; lastKnownFileType = wrapper.framework; name = SystemConfiguration.framework; path = System/Library/Frameworks/SystemConfiguration.framework; sourceTree = SDKROOT; };
		1312FE17183842FF00A20FF7 /* MessageUI.framework */ = {isa = PBXFileReference; lastKnownFileType = wrapper.framework; name = MessageUI.framework; path = System/Library/Frameworks/MessageUI.framework; sourceTree = SDKROOT; };
		1312FE1F1838468800A20FF7 /* Social.framework */ = {isa = PBXFileReference; lastKnownFileType = wrapper.framework; name = Social.framework; path = System/Library/Frameworks/Social.framework; sourceTree = SDKROOT; };
		131591DA18396A800046B16D /* AVFoundation.framework */ = {isa = PBXFileReference; lastKnownFileType = wrapper.framework; name = AVFoundation.framework; path = System/Library/Frameworks/AVFoundation.framework; sourceTree = SDKROOT; };
		131591DF18396A960046B16D /* CoreMedia.framework */ = {isa = PBXFileReference; lastKnownFileType = wrapper.framework; name = CoreMedia.framework; path = System/Library/Frameworks/CoreMedia.framework; sourceTree = SDKROOT; };
		131591E018396A960046B16D /* CoreVideo.framework */ = {isa = PBXFileReference; lastKnownFileType = wrapper.framework; name = CoreVideo.framework; path = System/Library/Frameworks/CoreVideo.framework; sourceTree = SDKROOT; };
		131591EA18396B3E0046B16D /* libiconv.dylib */ = {isa = PBXFileReference; lastKnownFileType = "compiled.mach-o.dylib"; name = libiconv.dylib; path = usr/lib/libiconv.dylib; sourceTree = SDKROOT; };
		136928DF1835FC6F00E28BBC /* MapKit.framework */ = {isa = PBXFileReference; lastKnownFileType = wrapper.framework; name = MapKit.framework; path = System/Library/Frameworks/MapKit.framework; sourceTree = SDKROOT; };
		136928E11835FC7A00E28BBC /* CoreLocation.framework */ = {isa = PBXFileReference; lastKnownFileType = wrapper.framework; name = CoreLocation.framework; path = System/Library/Frameworks/CoreLocation.framework; sourceTree = SDKROOT; };
		136928F01836108300E28BBC /* QuartzCore.framework */ = {isa = PBXFileReference; lastKnownFileType = wrapper.framework; name = QuartzCore.framework; path = System/Library/Frameworks/QuartzCore.framework; sourceTree = SDKROOT; };
		13BF0463183EBE7E00894760 /* Ignite_iOS_Engine-Info.plist */ = {isa = PBXFileReference; fileEncoding = 4; lastKnownFileType = text.plist.xml; name = "Ignite_iOS_Engine-Info.plist"; path = "Ignite_iOS_Engine/Ignite_iOS_Engine-Info.plist"; sourceTree = SOURCE_ROOT; };
		13BF0464183EBE7E00894760 /* Ignite_iOS_Engine-Prefix.pch */ = {isa = PBXFileReference; fileEncoding = 4; lastKnownFileType = sourcecode.c.h; name = "Ignite_iOS_Engine-Prefix.pch"; path = "Ignite_iOS_Engine/Ignite_iOS_Engine-Prefix.pch"; sourceTree = SOURCE_ROOT; };
		13BF0465183EBE7E00894760 /* Images.xcassets */ = {isa = PBXFileReference; lastKnownFileType = folder.assetcatalog; name = Images.xcassets; path = Ignite_iOS_Engine/Images.xcassets; sourceTree = SOURCE_ROOT; };
		13BF0466183EBE7E00894760 /* main.m */ = {isa = PBXFileReference; fileEncoding = 4; lastKnownFileType = sourcecode.c.objc; name = main.m; path = Ignite_iOS_Engine/main.m; sourceTree = SOURCE_ROOT; };
		13BFEACB183EBE2500894760 /* ixeAppDelegate.h */ = {isa = PBXFileReference; fileEncoding = 4; lastKnownFileType = sourcecode.c.h; path = ixeAppDelegate.h; sourceTree = "<group>"; };
		13BFEACC183EBE2500894760 /* ixeAppDelegate.m */ = {isa = PBXFileReference; fileEncoding = 4; lastKnownFileType = sourcecode.c.objc; path = ixeAppDelegate.m; sourceTree = "<group>"; };
		13BFEACD183EBE2500894760 /* ixeAppManager.h */ = {isa = PBXFileReference; fileEncoding = 4; lastKnownFileType = sourcecode.c.h; path = ixeAppManager.h; sourceTree = "<group>"; };
		13BFEACE183EBE2500894760 /* ixeAppManager.m */ = {isa = PBXFileReference; fileEncoding = 4; lastKnownFileType = sourcecode.c.objc; path = ixeAppManager.m; sourceTree = "<group>"; };
		13BFEACF183EBE2500894760 /* ixeConstants.h */ = {isa = PBXFileReference; fileEncoding = 4; lastKnownFileType = sourcecode.c.h; path = ixeConstants.h; sourceTree = "<group>"; };
		13BFEAD0183EBE2500894760 /* ixeConstants.m */ = {isa = PBXFileReference; fileEncoding = 4; lastKnownFileType = sourcecode.c.objc; path = ixeConstants.m; sourceTree = "<group>"; };
		13BFEAD1183EBE2500894760 /* ixeEnums.h */ = {isa = PBXFileReference; fileEncoding = 4; lastKnownFileType = sourcecode.c.h; path = ixeEnums.h; sourceTree = "<group>"; };
		13BFEAD2183EBE2500894760 /* ixeJSONParser.h */ = {isa = PBXFileReference; fileEncoding = 4; lastKnownFileType = sourcecode.c.h; path = ixeJSONParser.h; sourceTree = "<group>"; };
		13BFEAD3183EBE2500894760 /* ixeJSONParser.m */ = {isa = PBXFileReference; fileEncoding = 4; lastKnownFileType = sourcecode.c.objc; path = ixeJSONParser.m; sourceTree = "<group>"; };
		13BFEAD4183EBE2500894760 /* ixeStructs.h */ = {isa = PBXFileReference; fileEncoding = 4; lastKnownFileType = sourcecode.c.h; path = ixeStructs.h; sourceTree = "<group>"; };
		13BFEAD7183EBE2500894760 /* ixeActionContainer.h */ = {isa = PBXFileReference; fileEncoding = 4; lastKnownFileType = sourcecode.c.h; path = ixeActionContainer.h; sourceTree = "<group>"; };
		13BFEAD8183EBE2500894760 /* ixeActionContainer.m */ = {isa = PBXFileReference; fileEncoding = 4; lastKnownFileType = sourcecode.c.objc; path = ixeActionContainer.m; sourceTree = "<group>"; };
		13BFEAD9183EBE2500894760 /* ixeAlertAction.h */ = {isa = PBXFileReference; fileEncoding = 4; lastKnownFileType = sourcecode.c.h; path = ixeAlertAction.h; sourceTree = "<group>"; };
		13BFEADA183EBE2500894760 /* ixeAlertAction.m */ = {isa = PBXFileReference; fileEncoding = 4; lastKnownFileType = sourcecode.c.objc; path = ixeAlertAction.m; sourceTree = "<group>"; };
		13BFEADB183EBE2500894760 /* ixeBaseAction.h */ = {isa = PBXFileReference; fileEncoding = 4; lastKnownFileType = sourcecode.c.h; path = ixeBaseAction.h; sourceTree = "<group>"; };
		13BFEADC183EBE2500894760 /* ixeBaseAction.m */ = {isa = PBXFileReference; fileEncoding = 4; lastKnownFileType = sourcecode.c.objc; path = ixeBaseAction.m; sourceTree = "<group>"; };
		13BFEADD183EBE2500894760 /* ixeFunctionAction.h */ = {isa = PBXFileReference; fileEncoding = 4; lastKnownFileType = sourcecode.c.h; path = ixeFunctionAction.h; sourceTree = "<group>"; };
		13BFEADE183EBE2500894760 /* ixeFunctionAction.m */ = {isa = PBXFileReference; fileEncoding = 4; lastKnownFileType = sourcecode.c.objc; path = ixeFunctionAction.m; sourceTree = "<group>"; };
		13BFEADF183EBE2500894760 /* ixeModifyAction.h */ = {isa = PBXFileReference; fileEncoding = 4; lastKnownFileType = sourcecode.c.h; path = ixeModifyAction.h; sourceTree = "<group>"; };
		13BFEAE0183EBE2500894760 /* ixeModifyAction.m */ = {isa = PBXFileReference; fileEncoding = 4; lastKnownFileType = sourcecode.c.objc; path = ixeModifyAction.m; sourceTree = "<group>"; };
		13BFEAE2183EBE2500894760 /* ixeBaseConditionalObject.h */ = {isa = PBXFileReference; fileEncoding = 4; lastKnownFileType = sourcecode.c.h; path = ixeBaseConditionalObject.h; sourceTree = "<group>"; };
		13BFEAE3183EBE2500894760 /* ixeBaseConditionalObject.m */ = {isa = PBXFileReference; fileEncoding = 4; lastKnownFileType = sourcecode.c.objc; path = ixeBaseConditionalObject.m; sourceTree = "<group>"; };
		13BFEAE4183EBE2500894760 /* ixeBaseObject.h */ = {isa = PBXFileReference; fileEncoding = 4; lastKnownFileType = sourcecode.c.h; path = ixeBaseObject.h; sourceTree = "<group>"; };
		13BFEAE5183EBE2500894760 /* ixeBaseObject.m */ = {isa = PBXFileReference; fileEncoding = 4; lastKnownFileType = sourcecode.c.objc; path = ixeBaseObject.m; sourceTree = "<group>"; };
		13BFEAEB183EBE2500894760 /* ixeActivityIndicator.h */ = {isa = PBXFileReference; fileEncoding = 4; lastKnownFileType = sourcecode.c.h; path = ixeActivityIndicator.h; sourceTree = "<group>"; };
		13BFEAEC183EBE2500894760 /* ixeActivityIndicator.m */ = {isa = PBXFileReference; fileEncoding = 4; lastKnownFileType = sourcecode.c.objc; path = ixeActivityIndicator.m; sourceTree = "<group>"; };
		13BFEAED183EBE2500894760 /* ixeBaseControl.h */ = {isa = PBXFileReference; fileEncoding = 4; lastKnownFileType = sourcecode.c.h; path = ixeBaseControl.h; sourceTree = "<group>"; };
		13BFEAEE183EBE2500894760 /* ixeBaseControl.m */ = {isa = PBXFileReference; fileEncoding = 4; lastKnownFileType = sourcecode.c.objc; path = ixeBaseControl.m; sourceTree = "<group>"; };
		13BFEAEF183EBE2500894760 /* ixeBrowser.h */ = {isa = PBXFileReference; fileEncoding = 4; lastKnownFileType = sourcecode.c.h; path = ixeBrowser.h; sourceTree = "<group>"; };
		13BFEAF0183EBE2500894760 /* ixeBrowser.m */ = {isa = PBXFileReference; fileEncoding = 4; lastKnownFileType = sourcecode.c.objc; path = ixeBrowser.m; sourceTree = "<group>"; };
		13BFEAF1183EBE2500894760 /* ixeImage.h */ = {isa = PBXFileReference; fileEncoding = 4; lastKnownFileType = sourcecode.c.h; path = ixeImage.h; sourceTree = "<group>"; };
		13BFEAF2183EBE2500894760 /* ixeImage.m */ = {isa = PBXFileReference; fileEncoding = 4; lastKnownFileType = sourcecode.c.objc; path = ixeImage.m; sourceTree = "<group>"; };
		13BFEAF3183EBE2500894760 /* ixeLayout.h */ = {isa = PBXFileReference; fileEncoding = 4; lastKnownFileType = sourcecode.c.h; path = ixeLayout.h; sourceTree = "<group>"; };
		13BFEAF4183EBE2500894760 /* ixeLayout.m */ = {isa = PBXFileReference; fileEncoding = 4; lastKnownFileType = sourcecode.c.objc; path = ixeLayout.m; sourceTree = "<group>"; };
		13BFEAF5183EBE2500894760 /* ixeMap.h */ = {isa = PBXFileReference; fileEncoding = 4; lastKnownFileType = sourcecode.c.h; path = ixeMap.h; sourceTree = "<group>"; };
		13BFEAF6183EBE2500894760 /* ixeMap.m */ = {isa = PBXFileReference; fileEncoding = 4; lastKnownFileType = sourcecode.c.objc; path = ixeMap.m; sourceTree = "<group>"; };
		13BFEAF7183EBE2500894760 /* ixeMediaPlayer.h */ = {isa = PBXFileReference; fileEncoding = 4; lastKnownFileType = sourcecode.c.h; path = ixeMediaPlayer.h; sourceTree = "<group>"; };
		13BFEAF8183EBE2500894760 /* ixeMediaPlayer.m */ = {isa = PBXFileReference; fileEncoding = 4; lastKnownFileType = sourcecode.c.objc; path = ixeMediaPlayer.m; sourceTree = "<group>"; };
		13BFEAF9183EBE2500894760 /* ixeMediaSource.h */ = {isa = PBXFileReference; fileEncoding = 4; lastKnownFileType = sourcecode.c.h; path = ixeMediaSource.h; sourceTree = "<group>"; };
		13BFEAFA183EBE2500894760 /* ixeMediaSource.m */ = {isa = PBXFileReference; fileEncoding = 4; lastKnownFileType = sourcecode.c.objc; path = ixeMediaSource.m; sourceTree = "<group>"; };
		13BFEAFB183EBE2500894760 /* ixeMessage.h */ = {isa = PBXFileReference; fileEncoding = 4; lastKnownFileType = sourcecode.c.h; path = ixeMessage.h; sourceTree = "<group>"; };
		13BFEAFC183EBE2500894760 /* ixeMessage.m */ = {isa = PBXFileReference; fileEncoding = 4; lastKnownFileType = sourcecode.c.objc; path = ixeMessage.m; sourceTree = "<group>"; };
		13BFEAFD183EBE2500894760 /* ixePanel.h */ = {isa = PBXFileReference; fileEncoding = 4; lastKnownFileType = sourcecode.c.h; path = ixePanel.h; sourceTree = "<group>"; };
		13BFEAFE183EBE2500894760 /* ixePanel.m */ = {isa = PBXFileReference; fileEncoding = 4; lastKnownFileType = sourcecode.c.objc; path = ixePanel.m; sourceTree = "<group>"; };
		13BFEAFF183EBE2500894760 /* ixeScanner.h */ = {isa = PBXFileReference; fileEncoding = 4; lastKnownFileType = sourcecode.c.h; path = ixeScanner.h; sourceTree = "<group>"; };
		13BFEB00183EBE2500894760 /* ixeScanner.m */ = {isa = PBXFileReference; fileEncoding = 4; lastKnownFileType = sourcecode.c.objc; path = ixeScanner.m; sourceTree = "<group>"; };
		13BFEB01183EBE2500894760 /* ixeSocial.h */ = {isa = PBXFileReference; fileEncoding = 4; lastKnownFileType = sourcecode.c.h; path = ixeSocial.h; sourceTree = "<group>"; };
		13BFEB02183EBE2500894760 /* ixeSocial.m */ = {isa = PBXFileReference; fileEncoding = 4; lastKnownFileType = sourcecode.c.objc; path = ixeSocial.m; sourceTree = "<group>"; };
		13BFEB03183EBE2500894760 /* ixeTableView.h */ = {isa = PBXFileReference; fileEncoding = 4; lastKnownFileType = sourcecode.c.h; path = ixeTableView.h; sourceTree = "<group>"; };
		13BFEB04183EBE2500894760 /* ixeTableView.m */ = {isa = PBXFileReference; fileEncoding = 4; lastKnownFileType = sourcecode.c.objc; path = ixeTableView.m; sourceTree = "<group>"; };
		13BFEB05183EBE2500894760 /* ixeText.h */ = {isa = PBXFileReference; fileEncoding = 4; lastKnownFileType = sourcecode.c.h; path = ixeText.h; sourceTree = "<group>"; };
		13BFEB06183EBE2500894760 /* ixeText.m */ = {isa = PBXFileReference; fileEncoding = 4; lastKnownFileType = sourcecode.c.objc; path = ixeText.m; sourceTree = "<group>"; };
		13BFEB07183EBE2500894760 /* ixeTextHighlighter.h */ = {isa = PBXFileReference; fileEncoding = 4; lastKnownFileType = sourcecode.c.h; path = ixeTextHighlighter.h; sourceTree = "<group>"; };
		13BFEB08183EBE2500894760 /* ixeTextHighlighter.m */ = {isa = PBXFileReference; fileEncoding = 4; lastKnownFileType = sourcecode.c.objc; path = ixeTextHighlighter.m; sourceTree = "<group>"; };
		13BFEB09183EBE2500894760 /* ixeTextInput.h */ = {isa = PBXFileReference; fileEncoding = 4; lastKnownFileType = sourcecode.c.h; path = ixeTextInput.h; sourceTree = "<group>"; };
		13BFEB0A183EBE2500894760 /* ixeTextInput.m */ = {isa = PBXFileReference; fileEncoding = 4; lastKnownFileType = sourcecode.c.objc; path = ixeTextInput.m; sourceTree = "<group>"; };
		13BFEB0B183EBE2500894760 /* ixeToggle.h */ = {isa = PBXFileReference; fileEncoding = 4; lastKnownFileType = sourcecode.c.h; path = ixeToggle.h; sourceTree = "<group>"; };
		13BFEB0C183EBE2500894760 /* ixeToggle.m */ = {isa = PBXFileReference; fileEncoding = 4; lastKnownFileType = sourcecode.c.objc; path = ixeToggle.m; sourceTree = "<group>"; };
		13BFEB12183EBE2500894760 /* ixeBaseDataprovider.h */ = {isa = PBXFileReference; fileEncoding = 4; lastKnownFileType = sourcecode.c.h; path = ixeBaseDataprovider.h; sourceTree = "<group>"; };
		13BFEB13183EBE2500894760 /* ixeBaseDataprovider.m */ = {isa = PBXFileReference; fileEncoding = 4; lastKnownFileType = sourcecode.c.objc; path = ixeBaseDataprovider.m; sourceTree = "<group>"; };
		13BFEB14183EBE2500894760 /* ixeEntityContainer.h */ = {isa = PBXFileReference; fileEncoding = 4; lastKnownFileType = sourcecode.c.h; path = ixeEntityContainer.h; sourceTree = "<group>"; };
		13BFEB15183EBE2500894760 /* ixeEntityContainer.m */ = {isa = PBXFileReference; fileEncoding = 4; lastKnownFileType = sourcecode.c.objc; path = ixeEntityContainer.m; sourceTree = "<group>"; };
		13BFEB16183EBE2500894760 /* ixeSandbox.h */ = {isa = PBXFileReference; fileEncoding = 4; lastKnownFileType = sourcecode.c.h; path = ixeSandbox.h; sourceTree = "<group>"; };
		13BFEB17183EBE2500894760 /* ixeSandbox.m */ = {isa = PBXFileReference; fileEncoding = 4; lastKnownFileType = sourcecode.c.objc; path = ixeSandbox.m; sourceTree = "<group>"; };
		13BFEB19183EBE2500894760 /* ixeProperty.h */ = {isa = PBXFileReference; fileEncoding = 4; lastKnownFileType = sourcecode.c.h; path = ixeProperty.h; sourceTree = "<group>"; };
		13BFEB1A183EBE2500894760 /* ixeProperty.m */ = {isa = PBXFileReference; fileEncoding = 4; lastKnownFileType = sourcecode.c.objc; path = ixeProperty.m; sourceTree = "<group>"; };
		13BFEB1B183EBE2500894760 /* ixePropertyContainer.h */ = {isa = PBXFileReference; fileEncoding = 4; lastKnownFileType = sourcecode.c.h; path = ixePropertyContainer.h; sourceTree = "<group>"; };
		13BFEB1C183EBE2500894760 /* ixePropertyContainer.m */ = {isa = PBXFileReference; fileEncoding = 4; lastKnownFileType = sourcecode.c.objc; path = ixePropertyContainer.m; sourceTree = "<group>"; };
		13BFEB1D183EBE2500894760 /* ixePropertyParser.h */ = {isa = PBXFileReference; fileEncoding = 4; lastKnownFileType = sourcecode.c.h; path = ixePropertyParser.h; sourceTree = "<group>"; };
		13BFEB1E183EBE2500894760 /* ixePropertyParser.m */ = {isa = PBXFileReference; fileEncoding = 4; lastKnownFileType = sourcecode.c.objc; path = ixePropertyParser.m; sourceTree = "<group>"; };
		13BFEB20183EBE2500894760 /* ixeAppShortCode.h */ = {isa = PBXFileReference; fileEncoding = 4; lastKnownFileType = sourcecode.c.h; path = ixeAppShortCode.h; sourceTree = "<group>"; };
		13BFEB21183EBE2500894760 /* ixeAppShortCode.m */ = {isa = PBXFileReference; fileEncoding = 4; lastKnownFileType = sourcecode.c.objc; path = ixeAppShortCode.m; sourceTree = "<group>"; };
		13BFEB22183EBE2500894760 /* ixeBaseShortCode.h */ = {isa = PBXFileReference; fileEncoding = 4; lastKnownFileType = sourcecode.c.h; path = ixeBaseShortCode.h; sourceTree = "<group>"; };
		13BFEB23183EBE2500894760 /* ixeBaseShortCode.m */ = {isa = PBXFileReference; fileEncoding = 4; lastKnownFileType = sourcecode.c.objc; path = ixeBaseShortCode.m; sourceTree = "<group>"; };
		13BFEB25183EBE2500894760 /* ixeControlLayoutInfo.h */ = {isa = PBXFileReference; fileEncoding = 4; lastKnownFileType = sourcecode.c.h; path = ixeControlLayoutInfo.h; sourceTree = "<group>"; };
		13BFEB26183EBE2500894760 /* ixeControlLayoutInfo.m */ = {isa = PBXFileReference; fileEncoding = 4; lastKnownFileType = sourcecode.c.objc; path = ixeControlLayoutInfo.m; sourceTree = "<group>"; };
		13BFEB27183EBE2500894760 /* ixeLayoutEngine.h */ = {isa = PBXFileReference; fileEncoding = 4; lastKnownFileType = sourcecode.c.h; path = ixeLayoutEngine.h; sourceTree = "<group>"; };
		13BFEB28183EBE2500894760 /* ixeLayoutEngine.m */ = {isa = PBXFileReference; fileEncoding = 4; lastKnownFileType = sourcecode.c.objc; path = ixeLayoutEngine.m; sourceTree = "<group>"; };
		13BFFC84183EBE4200894760 /* TTTAttributedLabel.h */ = {isa = PBXFileReference; fileEncoding = 4; lastKnownFileType = sourcecode.c.h; path = TTTAttributedLabel.h; sourceTree = "<group>"; };
		13BFFC85183EBE4200894760 /* TTTAttributedLabel.m */ = {isa = PBXFileReference; fileEncoding = 4; lastKnownFileType = sourcecode.c.objc; path = TTTAttributedLabel.m; sourceTree = "<group>"; };
		13BFFC96183EBE4200894760 /* ixeClickableScrollView.h */ = {isa = PBXFileReference; fileEncoding = 4; lastKnownFileType = sourcecode.c.h; path = ixeClickableScrollView.h; sourceTree = "<group>"; };
		13BFFC97183EBE4200894760 /* ixeClickableScrollView.m */ = {isa = PBXFileReference; fileEncoding = 4; lastKnownFileType = sourcecode.c.objc; path = ixeClickableScrollView.m; sourceTree = "<group>"; };
		13BFFC98183EBE4200894760 /* ixeControlContentView.h */ = {isa = PBXFileReference; fileEncoding = 4; lastKnownFileType = sourcecode.c.h; path = ixeControlContentView.h; sourceTree = "<group>"; };
		13BFFC99183EBE4200894760 /* ixeControlContentView.m */ = {isa = PBXFileReference; fileEncoding = 4; lastKnownFileType = sourcecode.c.objc; path = ixeControlContentView.m; sourceTree = "<group>"; };
		13BFFC9A183EBE4200894760 /* ixeNavigationViewController.h */ = {isa = PBXFileReference; fileEncoding = 4; lastKnownFileType = sourcecode.c.h; path = ixeNavigationViewController.h; sourceTree = "<group>"; };
		13BFFC9B183EBE4200894760 /* ixeNavigationViewController.m */ = {isa = PBXFileReference; fileEncoding = 4; lastKnownFileType = sourcecode.c.objc; path = ixeNavigationViewController.m; sourceTree = "<group>"; };
		13BFFC9C183EBE4200894760 /* ixeViewController.h */ = {isa = PBXFileReference; fileEncoding = 4; lastKnownFileType = sourcecode.c.h; path = ixeViewController.h; sourceTree = "<group>"; };
		13BFFC9D183EBE4200894760 /* ixeViewController.m */ = {isa = PBXFileReference; fileEncoding = 4; lastKnownFileType = sourcecode.c.objc; path = ixeViewController.m; sourceTree = "<group>"; };
		13ECEA5E183EBF38004BC638 /* assets */ = {isa = PBXFileReference; lastKnownFileType = folder; name = assets; path = Ignite_iOS_Engine/assets; sourceTree = SOURCE_ROOT; };
		2A47E3A147B84D9DB0C78D60 /* Pods.xcconfig */ = {isa = PBXFileReference; includeInIndex = 1; lastKnownFileType = text.xcconfig; name = Pods.xcconfig; path = Pods/Pods.xcconfig; sourceTree = "<group>"; };
		6324BF4C1835931C00748F27 /* Ignite_iOS_Engine.app */ = {isa = PBXFileReference; explicitFileType = wrapper.application; includeInIndex = 0; path = Ignite_iOS_Engine.app; sourceTree = BUILT_PRODUCTS_DIR; };
		6324BF4F1835931C00748F27 /* Foundation.framework */ = {isa = PBXFileReference; lastKnownFileType = wrapper.framework; name = Foundation.framework; path = System/Library/Frameworks/Foundation.framework; sourceTree = SDKROOT; };
		6324BF511835931C00748F27 /* CoreGraphics.framework */ = {isa = PBXFileReference; lastKnownFileType = wrapper.framework; name = CoreGraphics.framework; path = System/Library/Frameworks/CoreGraphics.framework; sourceTree = SDKROOT; };
		6324BF531835931C00748F27 /* UIKit.framework */ = {isa = PBXFileReference; lastKnownFileType = wrapper.framework; name = UIKit.framework; path = System/Library/Frameworks/UIKit.framework; sourceTree = SDKROOT; };
		6324BF681835931D00748F27 /* XCTest.framework */ = {isa = PBXFileReference; lastKnownFileType = wrapper.framework; name = XCTest.framework; path = Library/Frameworks/XCTest.framework; sourceTree = DEVELOPER_DIR; };
/* End PBXFileReference section */

/* Begin PBXFrameworksBuildPhase section */
		6324BF491835931C00748F27 /* Frameworks */ = {
			isa = PBXFrameworksBuildPhase;
			buildActionMask = 2147483647;
			files = (
				6324BF501835931C00748F27 /* Foundation.framework in Frameworks */,
				6324BF521835931C00748F27 /* CoreGraphics.framework in Frameworks */,
				6324BF541835931C00748F27 /* UIKit.framework in Frameworks */,
				131591DB18396A800046B16D /* AVFoundation.framework in Frameworks */,
				131591E118396A960046B16D /* CoreMedia.framework in Frameworks */,
				131591E218396A960046B16D /* CoreVideo.framework in Frameworks */,
				131591EB18396B3E0046B16D /* libiconv.dylib in Frameworks */,
				1312FE201838468800A20FF7 /* Social.framework in Frameworks */,
				1312FE18183842FF00A20FF7 /* MessageUI.framework in Frameworks */,
				1312FDE4183715DD00A20FF7 /* SystemConfiguration.framework in Frameworks */,
				1312FDD1183713F000A20FF7 /* MobileCoreServices.framework in Frameworks */,
				1312FD1E1837112100A20FF7 /* CFNetwork.framework in Frameworks */,
				1312FD1C183710C200A20FF7 /* CoreData.framework in Frameworks */,
				1312FD1A183710B900A20FF7 /* Security.framework in Frameworks */,
				136928F11836108300E28BBC /* QuartzCore.framework in Frameworks */,
				136928E21835FC7A00E28BBC /* CoreLocation.framework in Frameworks */,
				136928E01835FC6F00E28BBC /* MapKit.framework in Frameworks */,
				DC33DC76CDF64EE8A8AD7118 /* libPods.a in Frameworks */,
			);
			runOnlyForDeploymentPostprocessing = 0;
		};
/* End PBXFrameworksBuildPhase section */

/* Begin PBXGroup section */
		13120CD6183EAF5D0075327D /* images */ = {
			isa = PBXGroup;
			children = (
			);
			name = images;
			sourceTree = "<group>";
		};
		13BFEACA183EBE2500894760 /* Classes */ = {
			isa = PBXGroup;
			children = (
				13BFEACB183EBE2500894760 /* ixeAppDelegate.h */,
				13BFEACC183EBE2500894760 /* ixeAppDelegate.m */,
				13BFEACD183EBE2500894760 /* ixeAppManager.h */,
				13BFEACE183EBE2500894760 /* ixeAppManager.m */,
				13BFEACF183EBE2500894760 /* ixeConstants.h */,
				13BFEAD0183EBE2500894760 /* ixeConstants.m */,
				13BFEAD1183EBE2500894760 /* ixeEnums.h */,
				13BFEAD2183EBE2500894760 /* ixeJSONParser.h */,
				13BFEAD3183EBE2500894760 /* ixeJSONParser.m */,
				13BFEAD4183EBE2500894760 /* ixeStructs.h */,
				13BFEAD5183EBE2500894760 /* Model */,
				13BFEB29183EBE2500894760 /* ThirdParty */,
				13BFFC95183EBE4200894760 /* View */,
			);
			name = Classes;
			path = Ignite_iOS_Engine/Classes;
			sourceTree = SOURCE_ROOT;
		};
		13BFEAD5183EBE2500894760 /* Model */ = {
			isa = PBXGroup;
			children = (
				13BFEAD6183EBE2500894760 /* Actions */,
				13BFEAE1183EBE2500894760 /* BaseObjects */,
				13BFEAE6183EBE2500894760 /* Controls */,
				13BFEB11183EBE2500894760 /* DataProviders */,
				13BFEB16183EBE2500894760 /* ixeSandbox.h */,
				13BFEB17183EBE2500894760 /* ixeSandbox.m */,
				13BFEB18183EBE2500894760 /* Properties */,
				13BFEB24183EBE2500894760 /* Utilities */,
			);
			path = Model;
			sourceTree = "<group>";
		};
		13BFEAD6183EBE2500894760 /* Actions */ = {
			isa = PBXGroup;
			children = (
				13BFEAD7183EBE2500894760 /* ixeActionContainer.h */,
				13BFEAD8183EBE2500894760 /* ixeActionContainer.m */,
				13BFEAD9183EBE2500894760 /* ixeAlertAction.h */,
				13BFEADA183EBE2500894760 /* ixeAlertAction.m */,
				13BFEADB183EBE2500894760 /* ixeBaseAction.h */,
				13BFEADC183EBE2500894760 /* ixeBaseAction.m */,
				13BFEADD183EBE2500894760 /* ixeFunctionAction.h */,
				13BFEADE183EBE2500894760 /* ixeFunctionAction.m */,
				13BFEADF183EBE2500894760 /* ixeModifyAction.h */,
				13BFEAE0183EBE2500894760 /* ixeModifyAction.m */,
			);
			path = Actions;
			sourceTree = "<group>";
		};
		13BFEAE1183EBE2500894760 /* BaseObjects */ = {
			isa = PBXGroup;
			children = (
				13BFEAE2183EBE2500894760 /* ixeBaseConditionalObject.h */,
				13BFEAE3183EBE2500894760 /* ixeBaseConditionalObject.m */,
				13BFEAE4183EBE2500894760 /* ixeBaseObject.h */,
				13BFEAE5183EBE2500894760 /* ixeBaseObject.m */,
			);
			path = BaseObjects;
			sourceTree = "<group>";
		};
		13BFEAE6183EBE2500894760 /* Controls */ = {
			isa = PBXGroup;
			children = (
				13BFEAEB183EBE2500894760 /* ixeActivityIndicator.h */,
				13BFEAEC183EBE2500894760 /* ixeActivityIndicator.m */,
				13BFEAED183EBE2500894760 /* ixeBaseControl.h */,
				13BFEAEE183EBE2500894760 /* ixeBaseControl.m */,
				13BFEAEF183EBE2500894760 /* ixeBrowser.h */,
				13BFEAF0183EBE2500894760 /* ixeBrowser.m */,
				13BFEAF1183EBE2500894760 /* ixeImage.h */,
				13BFEAF2183EBE2500894760 /* ixeImage.m */,
				13BFEAF3183EBE2500894760 /* ixeLayout.h */,
				13BFEAF4183EBE2500894760 /* ixeLayout.m */,
				13BFEAF5183EBE2500894760 /* ixeMap.h */,
				13BFEAF6183EBE2500894760 /* ixeMap.m */,
				13BFEAF7183EBE2500894760 /* ixeMediaPlayer.h */,
				13BFEAF8183EBE2500894760 /* ixeMediaPlayer.m */,
				13BFEAF9183EBE2500894760 /* ixeMediaSource.h */,
				13BFEAFA183EBE2500894760 /* ixeMediaSource.m */,
				13BFEAFB183EBE2500894760 /* ixeMessage.h */,
				13BFEAFC183EBE2500894760 /* ixeMessage.m */,
				13BFEAFD183EBE2500894760 /* ixePanel.h */,
				13BFEAFE183EBE2500894760 /* ixePanel.m */,
				13BFEAFF183EBE2500894760 /* ixeScanner.h */,
				13BFEB00183EBE2500894760 /* ixeScanner.m */,
				13BFEB01183EBE2500894760 /* ixeSocial.h */,
				13BFEB02183EBE2500894760 /* ixeSocial.m */,
				13BFEB03183EBE2500894760 /* ixeTableView.h */,
				13BFEB04183EBE2500894760 /* ixeTableView.m */,
				13BFEB05183EBE2500894760 /* ixeText.h */,
				13BFEB06183EBE2500894760 /* ixeText.m */,
				13BFEB07183EBE2500894760 /* ixeTextHighlighter.h */,
				13BFEB08183EBE2500894760 /* ixeTextHighlighter.m */,
				13BFEB09183EBE2500894760 /* ixeTextInput.h */,
				13BFEB0A183EBE2500894760 /* ixeTextInput.m */,
				13BFEB0B183EBE2500894760 /* ixeToggle.h */,
				13BFEB0C183EBE2500894760 /* ixeToggle.m */,
			);
			path = Controls;
			sourceTree = "<group>";
		};
		13BFEB11183EBE2500894760 /* DataProviders */ = {
			isa = PBXGroup;
			children = (
				13BFEB12183EBE2500894760 /* ixeBaseDataprovider.h */,
				13BFEB13183EBE2500894760 /* ixeBaseDataprovider.m */,
				13BFEB14183EBE2500894760 /* ixeEntityContainer.h */,
				13BFEB15183EBE2500894760 /* ixeEntityContainer.m */,
			);
			path = DataProviders;
			sourceTree = "<group>";
		};
		13BFEB18183EBE2500894760 /* Properties */ = {
			isa = PBXGroup;
			children = (
				13BFEB19183EBE2500894760 /* ixeProperty.h */,
				13BFEB1A183EBE2500894760 /* ixeProperty.m */,
				13BFEB1B183EBE2500894760 /* ixePropertyContainer.h */,
				13BFEB1C183EBE2500894760 /* ixePropertyContainer.m */,
				13BFEB1D183EBE2500894760 /* ixePropertyParser.h */,
				13BFEB1E183EBE2500894760 /* ixePropertyParser.m */,
				13BFEB1F183EBE2500894760 /* ShortCodes */,
			);
			path = Properties;
			sourceTree = "<group>";
		};
		13BFEB1F183EBE2500894760 /* ShortCodes */ = {
			isa = PBXGroup;
			children = (
				13BFEB20183EBE2500894760 /* ixeAppShortCode.h */,
				13BFEB21183EBE2500894760 /* ixeAppShortCode.m */,
				13BFEB22183EBE2500894760 /* ixeBaseShortCode.h */,
				13BFEB23183EBE2500894760 /* ixeBaseShortCode.m */,
			);
			path = ShortCodes;
			sourceTree = "<group>";
		};
		13BFEB24183EBE2500894760 /* Utilities */ = {
			isa = PBXGroup;
			children = (
				13BFEB25183EBE2500894760 /* ixeControlLayoutInfo.h */,
				13BFEB26183EBE2500894760 /* ixeControlLayoutInfo.m */,
				13BFEB27183EBE2500894760 /* ixeLayoutEngine.h */,
				13BFEB28183EBE2500894760 /* ixeLayoutEngine.m */,
			);
			path = Utilities;
			sourceTree = "<group>";
		};
		13BFEB29183EBE2500894760 /* ThirdParty */ = {
			isa = PBXGroup;
			children = (
				13BFFC83183EBE4200894760 /* TTTAttributedLabel */,
			);
			path = ThirdParty;
			sourceTree = "<group>";
		};
		13BFFC83183EBE4200894760 /* TTTAttributedLabel */ = {
			isa = PBXGroup;
			children = (
				13BFFC84183EBE4200894760 /* TTTAttributedLabel.h */,
				13BFFC85183EBE4200894760 /* TTTAttributedLabel.m */,
			);
			path = TTTAttributedLabel;
			sourceTree = "<group>";
		};
		13BFFC95183EBE4200894760 /* View */ = {
			isa = PBXGroup;
			children = (
				13BFFC96183EBE4200894760 /* ixeClickableScrollView.h */,
				13BFFC97183EBE4200894760 /* ixeClickableScrollView.m */,
				13BFFC98183EBE4200894760 /* ixeControlContentView.h */,
				13BFFC99183EBE4200894760 /* ixeControlContentView.m */,
				13BFFC9A183EBE4200894760 /* ixeNavigationViewController.h */,
				13BFFC9B183EBE4200894760 /* ixeNavigationViewController.m */,
				13BFFC9C183EBE4200894760 /* ixeViewController.h */,
				13BFFC9D183EBE4200894760 /* ixeViewController.m */,
			);
			path = View;
			sourceTree = "<group>";
		};
		6324BF431835931C00748F27 = {
			isa = PBXGroup;
			children = (
				6324BF551835931C00748F27 /* Ignite_iOS_Engine */,
				6324BF4E1835931C00748F27 /* Frameworks */,
				6324BF4D1835931C00748F27 /* Products */,
				2A47E3A147B84D9DB0C78D60 /* Pods.xcconfig */,
			);
			sourceTree = "<group>";
		};
		6324BF4D1835931C00748F27 /* Products */ = {
			isa = PBXGroup;
			children = (
				6324BF4C1835931C00748F27 /* Ignite_iOS_Engine.app */,
			);
			name = Products;
			sourceTree = "<group>";
		};
		6324BF4E1835931C00748F27 /* Frameworks */ = {
			isa = PBXGroup;
			children = (
				131591EA18396B3E0046B16D /* libiconv.dylib */,
				131591DF18396A960046B16D /* CoreMedia.framework */,
				131591E018396A960046B16D /* CoreVideo.framework */,
				131591DA18396A800046B16D /* AVFoundation.framework */,
				1312FE1F1838468800A20FF7 /* Social.framework */,
				1312FE17183842FF00A20FF7 /* MessageUI.framework */,
				1312FDE3183715DD00A20FF7 /* SystemConfiguration.framework */,
				1312FDD0183713F000A20FF7 /* MobileCoreServices.framework */,
				1312FD1D1837112100A20FF7 /* CFNetwork.framework */,
				1312FD1B183710C200A20FF7 /* CoreData.framework */,
				1312FD19183710B900A20FF7 /* Security.framework */,
				136928F01836108300E28BBC /* QuartzCore.framework */,
				136928E11835FC7A00E28BBC /* CoreLocation.framework */,
				136928DF1835FC6F00E28BBC /* MapKit.framework */,
				6324BF4F1835931C00748F27 /* Foundation.framework */,
				6324BF511835931C00748F27 /* CoreGraphics.framework */,
				6324BF531835931C00748F27 /* UIKit.framework */,
				6324BF681835931D00748F27 /* XCTest.framework */,
				05D522CE73164D978B4CF70F /* libPods.a */,
			);
			name = Frameworks;
			sourceTree = "<group>";
		};
		6324BF551835931C00748F27 /* Ignite_iOS_Engine */ = {
			isa = PBXGroup;
			children = (
				13ECEA5E183EBF38004BC638 /* assets */,
				13BFEACA183EBE2500894760 /* Classes */,
				6324BF561835931C00748F27 /* Supporting Files */,
			);
			name = Ignite_iOS_Engine;
			path = Apigee_iOS_Engine;
			sourceTree = "<group>";
		};
		6324BF561835931C00748F27 /* Supporting Files */ = {
			isa = PBXGroup;
			children = (
				13BF0463183EBE7E00894760 /* Ignite_iOS_Engine-Info.plist */,
				13BF0464183EBE7E00894760 /* Ignite_iOS_Engine-Prefix.pch */,
				13BF0465183EBE7E00894760 /* Images.xcassets */,
				13BF0466183EBE7E00894760 /* main.m */,
				13120CD6183EAF5D0075327D /* images */,
			);
			name = "Supporting Files";
			sourceTree = "<group>";
		};
/* End PBXGroup section */

/* Begin PBXNativeTarget section */
		6324BF4B1835931C00748F27 /* Ignite_iOS_Engine */ = {
			isa = PBXNativeTarget;
			buildConfigurationList = 6324BF781835931D00748F27 /* Build configuration list for PBXNativeTarget "Ignite_iOS_Engine" */;
			buildPhases = (
				174B3967FD5446A9BFBB4B95 /* Check Pods Manifest.lock */,
				6324BF481835931C00748F27 /* Sources */,
				6324BF491835931C00748F27 /* Frameworks */,
				6324BF4A1835931C00748F27 /* Resources */,
				094C015EBD9C43B6AB3EEB74 /* Copy Pods Resources */,
			);
			buildRules = (
			);
			dependencies = (
			);
			name = Ignite_iOS_Engine;
			productName = Apigee_iOS_Engine;
			productReference = 6324BF4C1835931C00748F27 /* Ignite_iOS_Engine.app */;
			productType = "com.apple.product-type.application";
		};
/* End PBXNativeTarget section */

/* Begin PBXProject section */
		6324BF441835931C00748F27 /* Project object */ = {
			isa = PBXProject;
			attributes = {
				CLASSPREFIX = ixe;
				LastUpgradeCheck = 0500;
				ORGANIZATIONNAME = Ignite;
			};
			buildConfigurationList = 6324BF471835931C00748F27 /* Build configuration list for PBXProject "Ignite_iOS_Engine" */;
			compatibilityVersion = "Xcode 3.2";
			developmentRegion = English;
			hasScannedForEncodings = 0;
			knownRegions = (
				en,
				da,
				"es-ES",
				es,
				fr,
				ja,
				"zh-Hans",
				"zh-Hant",
			);
			mainGroup = 6324BF431835931C00748F27;
			productRefGroup = 6324BF4D1835931C00748F27 /* Products */;
			projectDirPath = "";
			projectRoot = "";
			targets = (
				6324BF4B1835931C00748F27 /* Ignite_iOS_Engine */,
			);
		};
/* End PBXProject section */

/* Begin PBXResourcesBuildPhase section */
		6324BF4A1835931C00748F27 /* Resources */ = {
			isa = PBXResourcesBuildPhase;
			buildActionMask = 2147483647;
			files = (
				13BF0468183EBE7E00894760 /* Images.xcassets in Resources */,
				13ECEA5F183EBF39004BC638 /* assets in Resources */,
				13BF0467183EBE7E00894760 /* Ignite_iOS_Engine-Info.plist in Resources */,
			);
			runOnlyForDeploymentPostprocessing = 0;
		};
/* End PBXResourcesBuildPhase section */

/* Begin PBXShellScriptBuildPhase section */
		094C015EBD9C43B6AB3EEB74 /* Copy Pods Resources */ = {
			isa = PBXShellScriptBuildPhase;
			buildActionMask = 2147483647;
			files = (
			);
			inputPaths = (
			);
			name = "Copy Pods Resources";
			outputPaths = (
			);
			runOnlyForDeploymentPostprocessing = 0;
			shellPath = /bin/sh;
			shellScript = "\"${SRCROOT}/Pods/Pods-resources.sh\"\n";
			showEnvVarsInLog = 0;
		};
		174B3967FD5446A9BFBB4B95 /* Check Pods Manifest.lock */ = {
			isa = PBXShellScriptBuildPhase;
			buildActionMask = 2147483647;
			files = (
			);
			inputPaths = (
			);
			name = "Check Pods Manifest.lock";
			outputPaths = (
			);
			runOnlyForDeploymentPostprocessing = 0;
			shellPath = /bin/sh;
			shellScript = "diff \"${PODS_ROOT}/../Podfile.lock\" \"${PODS_ROOT}/Manifest.lock\" > /dev/null\nif [[ $? != 0 ]] ; then\n    cat << EOM\nerror: The sandbox is not in sync with the Podfile.lock. Run 'pod install' or update your CocoaPods installation.\nEOM\n    exit 1\nfi\n";
			showEnvVarsInLog = 0;
		};
/* End PBXShellScriptBuildPhase section */

/* Begin PBXSourcesBuildPhase section */
		6324BF481835931C00748F27 /* Sources */ = {
			isa = PBXSourcesBuildPhase;
			buildActionMask = 2147483647;
			files = (
				13BF0461183EBE4600894760 /* ixeNavigationViewController.m in Sources */,
				13BFFCB7183EBE4200894760 /* ixeTableView.m in Sources */,
				13BFFCAE183EBE4200894760 /* ixeImage.m in Sources */,
				13BFFCA3183EBE4200894760 /* ixeAlertAction.m in Sources */,
				13BFFCA4183EBE4200894760 /* ixeBaseAction.m in Sources */,
				13BFFCB0183EBE4200894760 /* ixeMap.m in Sources */,
				13BFFCC7183EBE4200894760 /* ixeLayoutEngine.m in Sources */,
				13BF0469183EBE7E00894760 /* main.m in Sources */,
				13BFFCAD183EBE4200894760 /* ixeBrowser.m in Sources */,
				13BFFCC4183EBE4200894760 /* ixeAppShortCode.m in Sources */,
				13BFFCBB183EBE4200894760 /* ixeToggle.m in Sources */,
				13BF0462183EBE4600894760 /* ixeViewController.m in Sources */,
				13BFFCC1183EBE4200894760 /* ixeProperty.m in Sources */,
				13BF045E183EBE4600894760 /* TTTAttributedLabel.m in Sources */,
				13BFFCB9183EBE4200894760 /* ixeTextHighlighter.m in Sources */,
				13BFFCA6183EBE4200894760 /* ixeModifyAction.m in Sources */,
				13BFFCA2183EBE4200894760 /* ixeActionContainer.m in Sources */,
				13BFFCBE183EBE4200894760 /* ixeBaseDataprovider.m in Sources */,
				13BFFCAF183EBE4200894760 /* ixeLayout.m in Sources */,
				13BFFCC2183EBE4200894760 /* ixePropertyContainer.m in Sources */,
				13BFFCA7183EBE4200894760 /* ixeBaseConditionalObject.m in Sources */,
				13BFFCA0183EBE4200894760 /* ixeConstants.m in Sources */,
				13BFFCB4183EBE4200894760 /* ixePanel.m in Sources */,
				13BF0460183EBE4600894760 /* ixeControlContentView.m in Sources */,
				13BFFCC5183EBE4200894760 /* ixeBaseShortCode.m in Sources */,
				13BFFCC0183EBE4200894760 /* ixeSandbox.m in Sources */,
				13BFFCA1183EBE4200894760 /* ixeJSONParser.m in Sources */,
				13BFFC9F183EBE4200894760 /* ixeAppManager.m in Sources */,
				13BFFCAB183EBE4200894760 /* ixeActivityIndicator.m in Sources */,
				13BFFCB6183EBE4200894760 /* ixeSocial.m in Sources */,
				13BFFCBA183EBE4200894760 /* ixeTextInput.m in Sources */,
				13BFFCB8183EBE4200894760 /* ixeText.m in Sources */,
				13BFFCC3183EBE4200894760 /* ixePropertyParser.m in Sources */,
				13BF045F183EBE4600894760 /* ixeClickableScrollView.m in Sources */,
				13BFFCB3183EBE4200894760 /* ixeMessage.m in Sources */,
				13BFFCB2183EBE4200894760 /* ixeMediaSource.m in Sources */,
				13BFFCB5183EBE4200894760 /* ixeScanner.m in Sources */,
				13BFFCA5183EBE4200894760 /* ixeFunctionAction.m in Sources */,
				13BFFCAC183EBE4200894760 /* ixeBaseControl.m in Sources */,
				13BFFCBF183EBE4200894760 /* ixeEntityContainer.m in Sources */,
				13BFFCC6183EBE4200894760 /* ixeControlLayoutInfo.m in Sources */,
				13BFFCB1183EBE4200894760 /* ixeMediaPlayer.m in Sources */,
				13BFFCA8183EBE4200894760 /* ixeBaseObject.m in Sources */,
				13BFFC9E183EBE4200894760 /* ixeAppDelegate.m in Sources */,
			);
			runOnlyForDeploymentPostprocessing = 0;
		};
/* End PBXSourcesBuildPhase section */

/* Begin XCBuildConfiguration section */
		6324BF761835931D00748F27 /* Debug */ = {
			isa = XCBuildConfiguration;
			buildSettings = {
				ALWAYS_SEARCH_USER_PATHS = NO;
				ARCHS = "$(ARCHS_STANDARD_INCLUDING_64_BIT)";
				CLANG_CXX_LANGUAGE_STANDARD = "gnu++0x";
				CLANG_CXX_LIBRARY = "libc++";
				CLANG_ENABLE_MODULES = YES;
				CLANG_ENABLE_OBJC_ARC = YES;
				CLANG_WARN_BOOL_CONVERSION = YES;
				CLANG_WARN_CONSTANT_CONVERSION = YES;
				CLANG_WARN_DIRECT_OBJC_ISA_USAGE = YES_ERROR;
				CLANG_WARN_EMPTY_BODY = YES;
				CLANG_WARN_ENUM_CONVERSION = YES;
				CLANG_WARN_INT_CONVERSION = YES;
				CLANG_WARN_OBJC_ROOT_CLASS = YES_ERROR;
				CLANG_WARN__DUPLICATE_METHOD_MATCH = YES;
				"CODE_SIGN_IDENTITY[sdk=iphoneos*]" = "iPhone Developer";
				COPY_PHASE_STRIP = NO;
				GCC_C_LANGUAGE_STANDARD = gnu99;
				GCC_DYNAMIC_NO_PIC = NO;
				GCC_OPTIMIZATION_LEVEL = 0;
				GCC_PREPROCESSOR_DEFINITIONS = (
					"DEBUG=1",
					"$(inherited)",
				);
				GCC_SYMBOLS_PRIVATE_EXTERN = NO;
				GCC_WARN_64_TO_32_BIT_CONVERSION = YES;
				GCC_WARN_ABOUT_RETURN_TYPE = YES_ERROR;
				GCC_WARN_UNDECLARED_SELECTOR = YES;
				GCC_WARN_UNINITIALIZED_AUTOS = YES;
				GCC_WARN_UNUSED_FUNCTION = YES;
				GCC_WARN_UNUSED_VARIABLE = YES;
				IPHONEOS_DEPLOYMENT_TARGET = 7.0;
				ONLY_ACTIVE_ARCH = YES;
				SDKROOT = iphoneos;
				TARGETED_DEVICE_FAMILY = "1,2";
			};
			name = Debug;
		};
		6324BF771835931D00748F27 /* Release */ = {
			isa = XCBuildConfiguration;
			buildSettings = {
				ALWAYS_SEARCH_USER_PATHS = NO;
				ARCHS = "$(ARCHS_STANDARD_INCLUDING_64_BIT)";
				CLANG_CXX_LANGUAGE_STANDARD = "gnu++0x";
				CLANG_CXX_LIBRARY = "libc++";
				CLANG_ENABLE_MODULES = YES;
				CLANG_ENABLE_OBJC_ARC = YES;
				CLANG_WARN_BOOL_CONVERSION = YES;
				CLANG_WARN_CONSTANT_CONVERSION = YES;
				CLANG_WARN_DIRECT_OBJC_ISA_USAGE = YES_ERROR;
				CLANG_WARN_EMPTY_BODY = YES;
				CLANG_WARN_ENUM_CONVERSION = YES;
				CLANG_WARN_INT_CONVERSION = YES;
				CLANG_WARN_OBJC_ROOT_CLASS = YES_ERROR;
				CLANG_WARN__DUPLICATE_METHOD_MATCH = YES;
				"CODE_SIGN_IDENTITY[sdk=iphoneos*]" = "iPhone Developer";
				COPY_PHASE_STRIP = YES;
				ENABLE_NS_ASSERTIONS = NO;
				GCC_C_LANGUAGE_STANDARD = gnu99;
				GCC_WARN_64_TO_32_BIT_CONVERSION = YES;
				GCC_WARN_ABOUT_RETURN_TYPE = YES_ERROR;
				GCC_WARN_UNDECLARED_SELECTOR = YES;
				GCC_WARN_UNINITIALIZED_AUTOS = YES;
				GCC_WARN_UNUSED_FUNCTION = YES;
				GCC_WARN_UNUSED_VARIABLE = YES;
				IPHONEOS_DEPLOYMENT_TARGET = 7.0;
				SDKROOT = iphoneos;
				TARGETED_DEVICE_FAMILY = "1,2";
				VALIDATE_PRODUCT = YES;
			};
			name = Release;
		};
		6324BF791835931D00748F27 /* Debug */ = {
			isa = XCBuildConfiguration;
			baseConfigurationReference = 2A47E3A147B84D9DB0C78D60 /* Pods.xcconfig */;
			buildSettings = {
				ASSETCATALOG_COMPILER_APPICON_NAME = AppIcon;
				ASSETCATALOG_COMPILER_LAUNCHIMAGE_NAME = LaunchImage;
				GCC_PRECOMPILE_PREFIX_HEADER = YES;
				GCC_PREFIX_HEADER = "Ignite_iOS_Engine/Ignite_iOS_Engine-Prefix.pch";
				HEADER_SEARCH_PATHS = (
					"$(inherited)",
					/Applications/Xcode.app/Contents/Developer/Toolchains/XcodeDefault.xctoolchain/usr/include,
					"\"$(BUILT_PRODUCTS_DIR)/../../Headers\"",
				);
				INFOPLIST_FILE = "$(SRCROOT)/Ignite_iOS_Engine/Ignite_iOS_Engine-Info.plist";
				IPHONEOS_DEPLOYMENT_TARGET = 7.0;
				LIBRARY_SEARCH_PATHS = (
					"$(inherited)",
					/Users/jeremyanticouni/Development/IgniteEngine/Classes/ThirdParty/ZBarSDK,
				);
				OTHER_LDFLAGS = (
					"-ObjC",
					"-all_load",
				);
				PRODUCT_NAME = Ignite_iOS_Engine;
				WRAPPER_EXTENSION = app;
			};
			name = Debug;
		};
		6324BF7A1835931D00748F27 /* Release */ = {
			isa = XCBuildConfiguration;
			baseConfigurationReference = 2A47E3A147B84D9DB0C78D60 /* Pods.xcconfig */;
			buildSettings = {
				ASSETCATALOG_COMPILER_APPICON_NAME = AppIcon;
				ASSETCATALOG_COMPILER_LAUNCHIMAGE_NAME = LaunchImage;
				GCC_PRECOMPILE_PREFIX_HEADER = YES;
				GCC_PREFIX_HEADER = "Ignite_iOS_Engine/Ignite_iOS_Engine-Prefix.pch";
				HEADER_SEARCH_PATHS = (
					"$(inherited)",
					/Applications/Xcode.app/Contents/Developer/Toolchains/XcodeDefault.xctoolchain/usr/include,
					"\"$(BUILT_PRODUCTS_DIR)/../../Headers\"",
				);
				INFOPLIST_FILE = "$(SRCROOT)/Ignite_iOS_Engine/Ignite_iOS_Engine-Info.plist";
				IPHONEOS_DEPLOYMENT_TARGET = 7.0;
				LIBRARY_SEARCH_PATHS = (
					"$(inherited)",
					/Users/jeremyanticouni/Development/IgniteEngine/Classes/ThirdParty/ZBarSDK,
				);
				OTHER_LDFLAGS = (
					"-ObjC",
					"-all_load",
				);
				PRODUCT_NAME = Ignite_iOS_Engine;
				WRAPPER_EXTENSION = app;
			};
			name = Release;
		};
/* End XCBuildConfiguration section */

/* Begin XCConfigurationList section */
		6324BF471835931C00748F27 /* Build configuration list for PBXProject "Ignite_iOS_Engine" */ = {
			isa = XCConfigurationList;
			buildConfigurations = (
				6324BF761835931D00748F27 /* Debug */,
				6324BF771835931D00748F27 /* Release */,
			);
			defaultConfigurationIsVisible = 0;
			defaultConfigurationName = Release;
		};
		6324BF781835931D00748F27 /* Build configuration list for PBXNativeTarget "Ignite_iOS_Engine" */ = {
			isa = XCConfigurationList;
			buildConfigurations = (
				6324BF791835931D00748F27 /* Debug */,
				6324BF7A1835931D00748F27 /* Release */,
			);
			defaultConfigurationIsVisible = 0;
			defaultConfigurationName = Release;
		};
/* End XCConfigurationList section */
	};
	rootObject = 6324BF441835931C00748F27 /* Project object */;
}
